// !$*UTF8*$!
{
	archiveVersion = 1;
	classes = {
	};
	objectVersion = 46;
	objects = {

/* Begin PBXAggregateTarget section */
		6D47223F13AA226800858222 /* Aggregate */ = {
			isa = PBXAggregateTarget;
			buildConfigurationList = 6D47224013AA226800858222 /* Build configuration list for PBXAggregateTarget "Aggregate" */;
			buildPhases = (
				6D47224313AA226D00858222 /* ShellScript */,
			);
			dependencies = (
				6D47225813AA237E00858222 /* PBXTargetDependency */,
			);
			name = Aggregate;
			productName = Aggregate;
		};
/* End PBXAggregateTarget section */

/* Begin PBXBuildFile section */
		6D47222F13AA1BD200858222 /* CoreLocation.framework in Frameworks */ = {isa = PBXBuildFile; fileRef = 6D47222E13AA1BD200858222 /* CoreLocation.framework */; };
		6D47223113AA1BF700858222 /* SystemConfiguration.framework in Frameworks */ = {isa = PBXBuildFile; fileRef = 6D47223013AA1BF700858222 /* SystemConfiguration.framework */; };
		6D47223413AA1C3700858222 /* CoreGraphics.framework in Frameworks */ = {isa = PBXBuildFile; fileRef = 6D47223313AA1C3700858222 /* CoreGraphics.framework */; };
		6D47223E13AA1C9700858222 /* QuartzCore.framework in Frameworks */ = {isa = PBXBuildFile; fileRef = 6D47223D13AA1C9700858222 /* QuartzCore.framework */; };
		6D9F921213AA132C009DEF37 /* UIKit.framework in Frameworks */ = {isa = PBXBuildFile; fileRef = 6D9F921113AA132C009DEF37 /* UIKit.framework */; };
		6D9F921413AA132C009DEF37 /* Foundation.framework in Frameworks */ = {isa = PBXBuildFile; fileRef = 6D9F921313AA132C009DEF37 /* Foundation.framework */; };
		6D9F921C13AA132C009DEF37 /* InfoPlist.strings in Resources */ = {isa = PBXBuildFile; fileRef = 6D9F921A13AA132C009DEF37 /* InfoPlist.strings */; };
		6D9F921F13AA132C009DEF37 /* main.m in Sources */ = {isa = PBXBuildFile; fileRef = 6D9F921E13AA132C009DEF37 /* main.m */; };
		6D9F922213AA132C009DEF37 /* MadvertiseSDKSampleAppDelegate.m in Sources */ = {isa = PBXBuildFile; fileRef = 6D9F922113AA132C009DEF37 /* MadvertiseSDKSampleAppDelegate.m */; };
		6D9F922613AA132C009DEF37 /* MadvertiseSDKSampleAppDelegate_iPhone.m in Sources */ = {isa = PBXBuildFile; fileRef = 6D9F922513AA132C009DEF37 /* MadvertiseSDKSampleAppDelegate_iPhone.m */; };
		6D9F922913AA132C009DEF37 /* MainWindow_iPhone.xib in Resources */ = {isa = PBXBuildFile; fileRef = 6D9F922713AA132C009DEF37 /* MainWindow_iPhone.xib */; };
		6D9F922D13AA132C009DEF37 /* MadvertiseSDKSampleAppDelegate_iPad.m in Sources */ = {isa = PBXBuildFile; fileRef = 6D9F922C13AA132C009DEF37 /* MadvertiseSDKSampleAppDelegate_iPad.m */; };
		6D9F923013AA132C009DEF37 /* MainWindow_iPad.xib in Resources */ = {isa = PBXBuildFile; fileRef = 6D9F922E13AA132C009DEF37 /* MainWindow_iPad.xib */; };
		6DAE9F6413AB3C9B0027C100 /* MadAdWhirlExampleDelegate.m in Sources */ = {isa = PBXBuildFile; fileRef = 6DAE9F6313AB3C9B0027C100 /* MadAdWhirlExampleDelegate.m */; };
		6DEC5EC313AA14C700889109 /* AdWhirlAdapterCustom.m in Sources */ = {isa = PBXBuildFile; fileRef = 6DEC5E6F13AA14C700889109 /* AdWhirlAdapterCustom.m */; };
		6DEC5EC413AA14C700889109 /* AdWhirlAdapterEvent.m in Sources */ = {isa = PBXBuildFile; fileRef = 6DEC5E7113AA14C700889109 /* AdWhirlAdapterEvent.m */; };
		6DEC5EC513AA14C700889109 /* AdWhirlAdapterGeneric.m in Sources */ = {isa = PBXBuildFile; fileRef = 6DEC5E7313AA14C700889109 /* AdWhirlAdapterGeneric.m */; };
		6DEC5EC613AA14C700889109 /* AdWhirlAdNetworkAdapter+Helpers.m in Sources */ = {isa = PBXBuildFile; fileRef = 6DEC5E7513AA14C700889109 /* AdWhirlAdNetworkAdapter+Helpers.m */; };
		6DEC5EC713AA14C700889109 /* AdWhirlAdNetworkAdapter.m in Sources */ = {isa = PBXBuildFile; fileRef = 6DEC5E7613AA14C700889109 /* AdWhirlAdNetworkAdapter.m */; };
		6DEC5EC813AA14C700889109 /* AdWhirlAdNetworkConfig.m in Sources */ = {isa = PBXBuildFile; fileRef = 6DEC5E7813AA14C700889109 /* AdWhirlAdNetworkConfig.m */; };
		6DEC5EC913AA14C700889109 /* AdWhirlAdNetworkRegistry.m in Sources */ = {isa = PBXBuildFile; fileRef = 6DEC5E7A13AA14C700889109 /* AdWhirlAdNetworkRegistry.m */; };
		6DEC5ECA13AA14C700889109 /* AdWhirlClassWrapper.m in Sources */ = {isa = PBXBuildFile; fileRef = 6DEC5E7C13AA14C700889109 /* AdWhirlClassWrapper.m */; };
		6DEC5ECB13AA14C700889109 /* AdWhirlConfig.m in Sources */ = {isa = PBXBuildFile; fileRef = 6DEC5E7E13AA14C700889109 /* AdWhirlConfig.m */; };
		6DEC5ECC13AA14C700889109 /* AdWhirlConfigStore.m in Sources */ = {isa = PBXBuildFile; fileRef = 6DEC5E8013AA14C700889109 /* AdWhirlConfigStore.m */; };
		6DEC5ECD13AA14C700889109 /* AdWhirlCustomAdView.m in Sources */ = {isa = PBXBuildFile; fileRef = 6DEC5E8213AA14C700889109 /* AdWhirlCustomAdView.m */; };
		6DEC5ECE13AA14C700889109 /* AdWhirlError.m in Sources */ = {isa = PBXBuildFile; fileRef = 6DEC5E8413AA14C700889109 /* AdWhirlError.m */; };
		6DEC5ECF13AA14C700889109 /* AdWhirlLog.m in Sources */ = {isa = PBXBuildFile; fileRef = 6DEC5E8613AA14C700889109 /* AdWhirlLog.m */; };
		6DEC5ED013AA14C700889109 /* AdWhirlView.m in Sources */ = {isa = PBXBuildFile; fileRef = 6DEC5E8813AA14C700889109 /* AdWhirlView.m */; };
		6DEC5ED113AA14C700889109 /* AdWhirlWebBrowser.xib in Resources */ = {isa = PBXBuildFile; fileRef = 6DEC5E8913AA14C700889109 /* AdWhirlWebBrowser.xib */; };
		6DEC5ED213AA14C700889109 /* AdWhirlWebBrowserController.m in Sources */ = {isa = PBXBuildFile; fileRef = 6DEC5E8B13AA14C700889109 /* AdWhirlWebBrowserController.m */; };
		6DEC5ED313AA14C700889109 /* ARRollerView.m in Sources */ = {isa = PBXBuildFile; fileRef = 6DEC5E8C13AA14C700889109 /* ARRollerView.m */; };
		6DEC5ED413AA14C700889109 /* AWNetworkReachabilityWrapper.m in Sources */ = {isa = PBXBuildFile; fileRef = 6DEC5E8F13AA14C700889109 /* AWNetworkReachabilityWrapper.m */; };
		6DEC5ED513AA14C700889109 /* UIColor+AdWhirlConfig.m in Sources */ = {isa = PBXBuildFile; fileRef = 6DEC5E9113AA14C700889109 /* UIColor+AdWhirlConfig.m */; };
		6DEC5ED613AA14C700889109 /* Ad.m in Sources */ = {isa = PBXBuildFile; fileRef = 6DEC5E9813AA14C700889109 /* Ad.m */; };
		6DEC5ED713AA14C700889109 /* MadLocation.m in Sources */ = {isa = PBXBuildFile; fileRef = 6DEC5E9A13AA14C700889109 /* MadLocation.m */; };
		6DEC5ED813AA14C700889109 /* MadDebug.m in Sources */ = {isa = PBXBuildFile; fileRef = 6DEC5E9D13AA14C700889109 /* MadDebug.m */; };
		6DEC5ED913AA14C700889109 /* InAppLandingPageController.m in Sources */ = {isa = PBXBuildFile; fileRef = 6DEC5E9F13AA14C700889109 /* InAppLandingPageController.m */; };
		6DEC5EDA13AA14C700889109 /* lib_madvertise_download_tracker_device_ver4_0_1.a in Frameworks */ = {isa = PBXBuildFile; fileRef = 6DEC5EA113AA14C700889109 /* lib_madvertise_download_tracker_device_ver4_0_1.a */; };
		6DEC5EDB13AA14C700889109 /* lib_madvertise_download_tracker_simulator_ver4_0_1.a in Frameworks */ = {isa = PBXBuildFile; fileRef = 6DEC5EA213AA14C700889109 /* lib_madvertise_download_tracker_simulator_ver4_0_1.a */; };
		6DEC5EDC13AA14C700889109 /* MadvertiseView.m in Sources */ = {isa = PBXBuildFile; fileRef = 6DEC5EA813AA14C700889109 /* MadvertiseView.m */; };
		6DEC5EDD13AA14C700889109 /* TextAdView.m in Sources */ = {isa = PBXBuildFile; fileRef = 6DEC5EAA13AA14C700889109 /* TextAdView.m */; };
		6DEC5EDE13AA14C700889109 /* CDataScanner.m in Sources */ = {isa = PBXBuildFile; fileRef = 6DEC5EAD13AA14C700889109 /* CDataScanner.m */; };
		6DEC5EDF13AA14C700889109 /* CDataScanner_Extensions.m in Sources */ = {isa = PBXBuildFile; fileRef = 6DEC5EB013AA14C700889109 /* CDataScanner_Extensions.m */; };
		6DEC5EE013AA14C700889109 /* NSCharacterSet_Extensions.m in Sources */ = {isa = PBXBuildFile; fileRef = 6DEC5EB213AA14C700889109 /* NSCharacterSet_Extensions.m */; };
		6DEC5EE113AA14C700889109 /* NSDictionary_JSONExtensions.m in Sources */ = {isa = PBXBuildFile; fileRef = 6DEC5EB413AA14C700889109 /* NSDictionary_JSONExtensions.m */; };
		6DEC5EE213AA14C700889109 /* NSScanner_Extensions.m in Sources */ = {isa = PBXBuildFile; fileRef = 6DEC5EB613AA14C700889109 /* NSScanner_Extensions.m */; };
		6DEC5EE313AA14C700889109 /* CJSONDataSerializer.m in Sources */ = {isa = PBXBuildFile; fileRef = 6DEC5EB913AA14C700889109 /* CJSONDataSerializer.m */; };
		6DEC5EE413AA14C700889109 /* CJSONDeserializer.m in Sources */ = {isa = PBXBuildFile; fileRef = 6DEC5EBB13AA14C700889109 /* CJSONDeserializer.m */; };
		6DEC5EE513AA14C700889109 /* CJSONScanner.m in Sources */ = {isa = PBXBuildFile; fileRef = 6DEC5EBD13AA14C700889109 /* CJSONScanner.m */; };
		6DEC5EE613AA14C700889109 /* CJSONSerializer.m in Sources */ = {isa = PBXBuildFile; fileRef = 6DEC5EBF13AA14C700889109 /* CJSONSerializer.m */; };
		6DEC5EE713AA14C700889109 /* CSerializedJSONData.m in Sources */ = {isa = PBXBuildFile; fileRef = 6DEC5EC113AA14C700889109 /* CSerializedJSONData.m */; };
		6DEC5EF913AA1A6700889109 /* AnotherSDKTestViewController.m in Sources */ = {isa = PBXBuildFile; fileRef = 6DEC5EF113AA1A6700889109 /* AnotherSDKTestViewController.m */; };
		6DEC5EFB13AA1A6700889109 /* TestDelegate.m in Sources */ = {isa = PBXBuildFile; fileRef = 6DEC5EF513AA1A6700889109 /* TestDelegate.m */; };
/* End PBXBuildFile section */

/* Begin PBXContainerItemProxy section */
		6D47225713AA237E00858222 /* PBXContainerItemProxy */ = {
			isa = PBXContainerItemProxy;
			containerPortal = 6D9F920413AA132C009DEF37 /* Project object */;
			proxyType = 1;
			remoteGlobalIDString = 6D9F920C13AA132C009DEF37;
			remoteInfo = MadvertiseSDKSample;
		};
/* End PBXContainerItemProxy section */

/* Begin PBXFileReference section */
		6D47222E13AA1BD200858222 /* CoreLocation.framework */ = {isa = PBXFileReference; lastKnownFileType = wrapper.framework; name = CoreLocation.framework; path = System/Library/Frameworks/CoreLocation.framework; sourceTree = SDKROOT; };
		6D47223013AA1BF700858222 /* SystemConfiguration.framework */ = {isa = PBXFileReference; lastKnownFileType = wrapper.framework; name = SystemConfiguration.framework; path = System/Library/Frameworks/SystemConfiguration.framework; sourceTree = SDKROOT; };
		6D47223313AA1C3700858222 /* CoreGraphics.framework */ = {isa = PBXFileReference; lastKnownFileType = wrapper.framework; name = CoreGraphics.framework; path = System/Library/Frameworks/CoreGraphics.framework; sourceTree = SDKROOT; };
		6D47223D13AA1C9700858222 /* QuartzCore.framework */ = {isa = PBXFileReference; lastKnownFileType = wrapper.framework; name = QuartzCore.framework; path = System/Library/Frameworks/QuartzCore.framework; sourceTree = SDKROOT; };
		6D9F920D13AA132C009DEF37 /* MadvertiseSDKSample.app */ = {isa = PBXFileReference; explicitFileType = wrapper.application; includeInIndex = 0; path = MadvertiseSDKSample.app; sourceTree = BUILT_PRODUCTS_DIR; };
		6D9F921113AA132C009DEF37 /* UIKit.framework */ = {isa = PBXFileReference; lastKnownFileType = wrapper.framework; name = UIKit.framework; path = System/Library/Frameworks/UIKit.framework; sourceTree = SDKROOT; };
		6D9F921313AA132C009DEF37 /* Foundation.framework */ = {isa = PBXFileReference; lastKnownFileType = wrapper.framework; name = Foundation.framework; path = System/Library/Frameworks/Foundation.framework; sourceTree = SDKROOT; };
		6D9F921513AA132C009DEF37 /* CoreGraphics.framework */ = {isa = PBXFileReference; lastKnownFileType = wrapper.framework; name = CoreGraphics.framework; path = System/Library/Frameworks/CoreGraphics.framework; sourceTree = SDKROOT; };
		6D9F921913AA132C009DEF37 /* MadvertiseSDKSample-Info.plist */ = {isa = PBXFileReference; lastKnownFileType = text.plist.xml; path = "MadvertiseSDKSample-Info.plist"; sourceTree = "<group>"; };
		6D9F921B13AA132C009DEF37 /* en */ = {isa = PBXFileReference; lastKnownFileType = text.plist.strings; name = en; path = en.lproj/InfoPlist.strings; sourceTree = "<group>"; };
		6D9F921D13AA132C009DEF37 /* MadvertiseSDKSample-Prefix.pch */ = {isa = PBXFileReference; lastKnownFileType = sourcecode.c.h; path = "MadvertiseSDKSample-Prefix.pch"; sourceTree = "<group>"; };
		6D9F921E13AA132C009DEF37 /* main.m */ = {isa = PBXFileReference; lastKnownFileType = sourcecode.c.objc; path = main.m; sourceTree = "<group>"; };
		6D9F922013AA132C009DEF37 /* MadvertiseSDKSampleAppDelegate.h */ = {isa = PBXFileReference; lastKnownFileType = sourcecode.c.h; path = MadvertiseSDKSampleAppDelegate.h; sourceTree = "<group>"; };
		6D9F922113AA132C009DEF37 /* MadvertiseSDKSampleAppDelegate.m */ = {isa = PBXFileReference; lastKnownFileType = sourcecode.c.objc; path = MadvertiseSDKSampleAppDelegate.m; sourceTree = "<group>"; };
		6D9F922413AA132C009DEF37 /* MadvertiseSDKSampleAppDelegate_iPhone.h */ = {isa = PBXFileReference; lastKnownFileType = sourcecode.c.h; name = MadvertiseSDKSampleAppDelegate_iPhone.h; path = iPhone/MadvertiseSDKSampleAppDelegate_iPhone.h; sourceTree = "<group>"; };
		6D9F922513AA132C009DEF37 /* MadvertiseSDKSampleAppDelegate_iPhone.m */ = {isa = PBXFileReference; lastKnownFileType = sourcecode.c.objc; name = MadvertiseSDKSampleAppDelegate_iPhone.m; path = iPhone/MadvertiseSDKSampleAppDelegate_iPhone.m; sourceTree = "<group>"; };
		6D9F922813AA132C009DEF37 /* en */ = {isa = PBXFileReference; lastKnownFileType = file.xib; name = en; path = iPhone/en.lproj/MainWindow_iPhone.xib; sourceTree = "<group>"; };
		6D9F922B13AA132C009DEF37 /* MadvertiseSDKSampleAppDelegate_iPad.h */ = {isa = PBXFileReference; lastKnownFileType = sourcecode.c.h; name = MadvertiseSDKSampleAppDelegate_iPad.h; path = iPad/MadvertiseSDKSampleAppDelegate_iPad.h; sourceTree = "<group>"; };
		6D9F922C13AA132C009DEF37 /* MadvertiseSDKSampleAppDelegate_iPad.m */ = {isa = PBXFileReference; lastKnownFileType = sourcecode.c.objc; name = MadvertiseSDKSampleAppDelegate_iPad.m; path = iPad/MadvertiseSDKSampleAppDelegate_iPad.m; sourceTree = "<group>"; };
		6D9F922F13AA132C009DEF37 /* en */ = {isa = PBXFileReference; lastKnownFileType = file.xib; name = en; path = iPad/en.lproj/MainWindow_iPad.xib; sourceTree = "<group>"; };
		6DAE9F6213AB3C9B0027C100 /* MadAdWhirlExampleDelegate.h */ = {isa = PBXFileReference; fileEncoding = 4; lastKnownFileType = sourcecode.c.h; path = MadAdWhirlExampleDelegate.h; sourceTree = "<group>"; };
		6DAE9F6313AB3C9B0027C100 /* MadAdWhirlExampleDelegate.m */ = {isa = PBXFileReference; fileEncoding = 4; lastKnownFileType = sourcecode.c.objc; path = MadAdWhirlExampleDelegate.m; sourceTree = "<group>"; };
		6DEC5E6A13AA14C700889109 /* AdWhirlAdNetworkAdapter.h */ = {isa = PBXFileReference; fileEncoding = 4; lastKnownFileType = sourcecode.c.h; path = AdWhirlAdNetworkAdapter.h; sourceTree = "<group>"; };
		6DEC5E6B13AA14C700889109 /* AdWhirlDelegateProtocol.h */ = {isa = PBXFileReference; fileEncoding = 4; lastKnownFileType = sourcecode.c.h; path = AdWhirlDelegateProtocol.h; sourceTree = "<group>"; };
		6DEC5E6C13AA14C700889109 /* AdWhirlView.h */ = {isa = PBXFileReference; fileEncoding = 4; lastKnownFileType = sourcecode.c.h; path = AdWhirlView.h; sourceTree = "<group>"; };
		6DEC5E6E13AA14C700889109 /* AdWhirlAdapterCustom.h */ = {isa = PBXFileReference; fileEncoding = 4; lastKnownFileType = sourcecode.c.h; path = AdWhirlAdapterCustom.h; sourceTree = "<group>"; };
		6DEC5E6F13AA14C700889109 /* AdWhirlAdapterCustom.m */ = {isa = PBXFileReference; fileEncoding = 4; lastKnownFileType = sourcecode.c.objc; path = AdWhirlAdapterCustom.m; sourceTree = "<group>"; };
		6DEC5E7013AA14C700889109 /* AdWhirlAdapterEvent.h */ = {isa = PBXFileReference; fileEncoding = 4; lastKnownFileType = sourcecode.c.h; path = AdWhirlAdapterEvent.h; sourceTree = "<group>"; };
		6DEC5E7113AA14C700889109 /* AdWhirlAdapterEvent.m */ = {isa = PBXFileReference; fileEncoding = 4; lastKnownFileType = sourcecode.c.objc; path = AdWhirlAdapterEvent.m; sourceTree = "<group>"; };
		6DEC5E7213AA14C700889109 /* AdWhirlAdapterGeneric.h */ = {isa = PBXFileReference; fileEncoding = 4; lastKnownFileType = sourcecode.c.h; path = AdWhirlAdapterGeneric.h; sourceTree = "<group>"; };
		6DEC5E7313AA14C700889109 /* AdWhirlAdapterGeneric.m */ = {isa = PBXFileReference; fileEncoding = 4; lastKnownFileType = sourcecode.c.objc; path = AdWhirlAdapterGeneric.m; sourceTree = "<group>"; };
		6DEC5E7413AA14C700889109 /* AdWhirlAdNetworkAdapter+Helpers.h */ = {isa = PBXFileReference; fileEncoding = 4; lastKnownFileType = sourcecode.c.h; path = "AdWhirlAdNetworkAdapter+Helpers.h"; sourceTree = "<group>"; };
		6DEC5E7513AA14C700889109 /* AdWhirlAdNetworkAdapter+Helpers.m */ = {isa = PBXFileReference; fileEncoding = 4; lastKnownFileType = sourcecode.c.objc; path = "AdWhirlAdNetworkAdapter+Helpers.m"; sourceTree = "<group>"; };
		6DEC5E7613AA14C700889109 /* AdWhirlAdNetworkAdapter.m */ = {isa = PBXFileReference; fileEncoding = 4; lastKnownFileType = sourcecode.c.objc; path = AdWhirlAdNetworkAdapter.m; sourceTree = "<group>"; };
		6DEC5E7713AA14C700889109 /* AdWhirlAdNetworkConfig.h */ = {isa = PBXFileReference; fileEncoding = 4; lastKnownFileType = sourcecode.c.h; path = AdWhirlAdNetworkConfig.h; sourceTree = "<group>"; };
		6DEC5E7813AA14C700889109 /* AdWhirlAdNetworkConfig.m */ = {isa = PBXFileReference; fileEncoding = 4; lastKnownFileType = sourcecode.c.objc; path = AdWhirlAdNetworkConfig.m; sourceTree = "<group>"; };
		6DEC5E7913AA14C700889109 /* AdWhirlAdNetworkRegistry.h */ = {isa = PBXFileReference; fileEncoding = 4; lastKnownFileType = sourcecode.c.h; path = AdWhirlAdNetworkRegistry.h; sourceTree = "<group>"; };
		6DEC5E7A13AA14C700889109 /* AdWhirlAdNetworkRegistry.m */ = {isa = PBXFileReference; fileEncoding = 4; lastKnownFileType = sourcecode.c.objc; path = AdWhirlAdNetworkRegistry.m; sourceTree = "<group>"; };
		6DEC5E7B13AA14C700889109 /* AdWhirlClassWrapper.h */ = {isa = PBXFileReference; fileEncoding = 4; lastKnownFileType = sourcecode.c.h; path = AdWhirlClassWrapper.h; sourceTree = "<group>"; };
		6DEC5E7C13AA14C700889109 /* AdWhirlClassWrapper.m */ = {isa = PBXFileReference; fileEncoding = 4; lastKnownFileType = sourcecode.c.objc; path = AdWhirlClassWrapper.m; sourceTree = "<group>"; };
		6DEC5E7D13AA14C700889109 /* AdWhirlConfig.h */ = {isa = PBXFileReference; fileEncoding = 4; lastKnownFileType = sourcecode.c.h; path = AdWhirlConfig.h; sourceTree = "<group>"; };
		6DEC5E7E13AA14C700889109 /* AdWhirlConfig.m */ = {isa = PBXFileReference; fileEncoding = 4; lastKnownFileType = sourcecode.c.objc; path = AdWhirlConfig.m; sourceTree = "<group>"; };
		6DEC5E7F13AA14C700889109 /* AdWhirlConfigStore.h */ = {isa = PBXFileReference; fileEncoding = 4; lastKnownFileType = sourcecode.c.h; path = AdWhirlConfigStore.h; sourceTree = "<group>"; };
		6DEC5E8013AA14C700889109 /* AdWhirlConfigStore.m */ = {isa = PBXFileReference; fileEncoding = 4; lastKnownFileType = sourcecode.c.objc; path = AdWhirlConfigStore.m; sourceTree = "<group>"; };
		6DEC5E8113AA14C700889109 /* AdWhirlCustomAdView.h */ = {isa = PBXFileReference; fileEncoding = 4; lastKnownFileType = sourcecode.c.h; path = AdWhirlCustomAdView.h; sourceTree = "<group>"; };
		6DEC5E8213AA14C700889109 /* AdWhirlCustomAdView.m */ = {isa = PBXFileReference; fileEncoding = 4; lastKnownFileType = sourcecode.c.objc; path = AdWhirlCustomAdView.m; sourceTree = "<group>"; };
		6DEC5E8313AA14C700889109 /* AdWhirlError.h */ = {isa = PBXFileReference; fileEncoding = 4; lastKnownFileType = sourcecode.c.h; path = AdWhirlError.h; sourceTree = "<group>"; };
		6DEC5E8413AA14C700889109 /* AdWhirlError.m */ = {isa = PBXFileReference; fileEncoding = 4; lastKnownFileType = sourcecode.c.objc; path = AdWhirlError.m; sourceTree = "<group>"; };
		6DEC5E8513AA14C700889109 /* AdWhirlLog.h */ = {isa = PBXFileReference; fileEncoding = 4; lastKnownFileType = sourcecode.c.h; path = AdWhirlLog.h; sourceTree = "<group>"; };
		6DEC5E8613AA14C700889109 /* AdWhirlLog.m */ = {isa = PBXFileReference; fileEncoding = 4; lastKnownFileType = sourcecode.c.objc; path = AdWhirlLog.m; sourceTree = "<group>"; };
		6DEC5E8713AA14C700889109 /* AdWhirlView+.h */ = {isa = PBXFileReference; fileEncoding = 4; lastKnownFileType = sourcecode.c.h; path = "AdWhirlView+.h"; sourceTree = "<group>"; };
		6DEC5E8813AA14C700889109 /* AdWhirlView.m */ = {isa = PBXFileReference; fileEncoding = 4; lastKnownFileType = sourcecode.c.objc; path = AdWhirlView.m; sourceTree = "<group>"; };
		6DEC5E8913AA14C700889109 /* AdWhirlWebBrowser.xib */ = {isa = PBXFileReference; fileEncoding = 4; lastKnownFileType = file.xib; path = AdWhirlWebBrowser.xib; sourceTree = "<group>"; };
		6DEC5E8A13AA14C700889109 /* AdWhirlWebBrowserController.h */ = {isa = PBXFileReference; fileEncoding = 4; lastKnownFileType = sourcecode.c.h; path = AdWhirlWebBrowserController.h; sourceTree = "<group>"; };
		6DEC5E8B13AA14C700889109 /* AdWhirlWebBrowserController.m */ = {isa = PBXFileReference; fileEncoding = 4; lastKnownFileType = sourcecode.c.objc; path = AdWhirlWebBrowserController.m; sourceTree = "<group>"; };
		6DEC5E8C13AA14C700889109 /* ARRollerView.m */ = {isa = PBXFileReference; fileEncoding = 4; lastKnownFileType = sourcecode.c.objc; path = ARRollerView.m; sourceTree = "<group>"; };
		6DEC5E8D13AA14C700889109 /* AWNetworkReachabilityDelegate.h */ = {isa = PBXFileReference; fileEncoding = 4; lastKnownFileType = sourcecode.c.h; path = AWNetworkReachabilityDelegate.h; sourceTree = "<group>"; };
		6DEC5E8E13AA14C700889109 /* AWNetworkReachabilityWrapper.h */ = {isa = PBXFileReference; fileEncoding = 4; lastKnownFileType = sourcecode.c.h; path = AWNetworkReachabilityWrapper.h; sourceTree = "<group>"; };
		6DEC5E8F13AA14C700889109 /* AWNetworkReachabilityWrapper.m */ = {isa = PBXFileReference; fileEncoding = 4; lastKnownFileType = sourcecode.c.objc; path = AWNetworkReachabilityWrapper.m; sourceTree = "<group>"; };
		6DEC5E9013AA14C700889109 /* UIColor+AdWhirlConfig.h */ = {isa = PBXFileReference; fileEncoding = 4; lastKnownFileType = sourcecode.c.h; path = "UIColor+AdWhirlConfig.h"; sourceTree = "<group>"; };
		6DEC5E9113AA14C700889109 /* UIColor+AdWhirlConfig.m */ = {isa = PBXFileReference; fileEncoding = 4; lastKnownFileType = sourcecode.c.objc; path = "UIColor+AdWhirlConfig.m"; sourceTree = "<group>"; };
		6DEC5E9313AA14C700889109 /* ARRollerProtocol.h */ = {isa = PBXFileReference; fileEncoding = 4; lastKnownFileType = sourcecode.c.h; path = ARRollerProtocol.h; sourceTree = "<group>"; };
		6DEC5E9413AA14C700889109 /* ARRollerView.h */ = {isa = PBXFileReference; fileEncoding = 4; lastKnownFileType = sourcecode.c.h; path = ARRollerView.h; sourceTree = "<group>"; };
		6DEC5E9713AA14C700889109 /* Ad.h */ = {isa = PBXFileReference; fileEncoding = 4; lastKnownFileType = sourcecode.c.h; path = Ad.h; sourceTree = "<group>"; };
		6DEC5E9813AA14C700889109 /* Ad.m */ = {isa = PBXFileReference; fileEncoding = 4; lastKnownFileType = sourcecode.c.objc; path = Ad.m; sourceTree = "<group>"; };
		6DEC5E9913AA14C700889109 /* MadLocation.h */ = {isa = PBXFileReference; fileEncoding = 4; lastKnownFileType = sourcecode.c.h; path = MadLocation.h; sourceTree = "<group>"; };
		6DEC5E9A13AA14C700889109 /* MadLocation.m */ = {isa = PBXFileReference; fileEncoding = 4; lastKnownFileType = sourcecode.c.objc; path = MadLocation.m; sourceTree = "<group>"; };
		6DEC5E9C13AA14C700889109 /* MadDebug.h */ = {isa = PBXFileReference; fileEncoding = 4; lastKnownFileType = sourcecode.c.h; path = MadDebug.h; sourceTree = "<group>"; };
		6DEC5E9D13AA14C700889109 /* MadDebug.m */ = {isa = PBXFileReference; fileEncoding = 4; lastKnownFileType = sourcecode.c.objc; path = MadDebug.m; sourceTree = "<group>"; };
		6DEC5E9E13AA14C700889109 /* InAppLandingPageController.h */ = {isa = PBXFileReference; fileEncoding = 4; lastKnownFileType = sourcecode.c.h; path = InAppLandingPageController.h; sourceTree = "<group>"; };
		6DEC5E9F13AA14C700889109 /* InAppLandingPageController.m */ = {isa = PBXFileReference; fileEncoding = 4; lastKnownFileType = sourcecode.c.objc; path = InAppLandingPageController.m; sourceTree = "<group>"; };
		6DEC5EA113AA14C700889109 /* lib_madvertise_download_tracker_device_ver4_0_1.a */ = {isa = PBXFileReference; lastKnownFileType = archive.ar; path = lib_madvertise_download_tracker_device_ver4_0_1.a; sourceTree = "<group>"; };
		6DEC5EA213AA14C700889109 /* lib_madvertise_download_tracker_simulator_ver4_0_1.a */ = {isa = PBXFileReference; lastKnownFileType = archive.ar; path = lib_madvertise_download_tracker_simulator_ver4_0_1.a; sourceTree = "<group>"; };
		6DEC5EA313AA14C700889109 /* MadTracker.h */ = {isa = PBXFileReference; fileEncoding = 4; lastKnownFileType = sourcecode.c.h; path = MadTracker.h; sourceTree = "<group>"; };
		6DEC5EA413AA14C700889109 /* MadAdWhirlProtocol.h */ = {isa = PBXFileReference; fileEncoding = 4; lastKnownFileType = sourcecode.c.h; path = MadAdWhirlProtocol.h; sourceTree = "<group>"; };
		6DEC5EA513AA14C700889109 /* MadvertiseDelegationProtocol.h */ = {isa = PBXFileReference; fileEncoding = 4; lastKnownFileType = sourcecode.c.h; path = MadvertiseDelegationProtocol.h; sourceTree = "<group>"; };
		6DEC5EA713AA14C700889109 /* MadvertiseView.h */ = {isa = PBXFileReference; fileEncoding = 4; lastKnownFileType = sourcecode.c.h; path = MadvertiseView.h; sourceTree = "<group>"; };
		6DEC5EA813AA14C700889109 /* MadvertiseView.m */ = {isa = PBXFileReference; fileEncoding = 4; lastKnownFileType = sourcecode.c.objc; path = MadvertiseView.m; sourceTree = "<group>"; };
		6DEC5EA913AA14C700889109 /* TextAdView.h */ = {isa = PBXFileReference; fileEncoding = 4; lastKnownFileType = sourcecode.c.h; path = TextAdView.h; sourceTree = "<group>"; };
		6DEC5EAA13AA14C700889109 /* TextAdView.m */ = {isa = PBXFileReference; fileEncoding = 4; lastKnownFileType = sourcecode.c.objc; path = TextAdView.m; sourceTree = "<group>"; };
		6DEC5EAC13AA14C700889109 /* CDataScanner.h */ = {isa = PBXFileReference; fileEncoding = 4; lastKnownFileType = sourcecode.c.h; path = CDataScanner.h; sourceTree = "<group>"; };
		6DEC5EAD13AA14C700889109 /* CDataScanner.m */ = {isa = PBXFileReference; fileEncoding = 4; lastKnownFileType = sourcecode.c.objc; path = CDataScanner.m; sourceTree = "<group>"; };
		6DEC5EAF13AA14C700889109 /* CDataScanner_Extensions.h */ = {isa = PBXFileReference; fileEncoding = 4; lastKnownFileType = sourcecode.c.h; path = CDataScanner_Extensions.h; sourceTree = "<group>"; };
		6DEC5EB013AA14C700889109 /* CDataScanner_Extensions.m */ = {isa = PBXFileReference; fileEncoding = 4; lastKnownFileType = sourcecode.c.objc; path = CDataScanner_Extensions.m; sourceTree = "<group>"; };
		6DEC5EB113AA14C700889109 /* NSCharacterSet_Extensions.h */ = {isa = PBXFileReference; fileEncoding = 4; lastKnownFileType = sourcecode.c.h; path = NSCharacterSet_Extensions.h; sourceTree = "<group>"; };
		6DEC5EB213AA14C700889109 /* NSCharacterSet_Extensions.m */ = {isa = PBXFileReference; fileEncoding = 4; lastKnownFileType = sourcecode.c.objc; path = NSCharacterSet_Extensions.m; sourceTree = "<group>"; };
		6DEC5EB313AA14C700889109 /* NSDictionary_JSONExtensions.h */ = {isa = PBXFileReference; fileEncoding = 4; lastKnownFileType = sourcecode.c.h; path = NSDictionary_JSONExtensions.h; sourceTree = "<group>"; };
		6DEC5EB413AA14C700889109 /* NSDictionary_JSONExtensions.m */ = {isa = PBXFileReference; fileEncoding = 4; lastKnownFileType = sourcecode.c.objc; path = NSDictionary_JSONExtensions.m; sourceTree = "<group>"; };
		6DEC5EB513AA14C700889109 /* NSScanner_Extensions.h */ = {isa = PBXFileReference; fileEncoding = 4; lastKnownFileType = sourcecode.c.h; path = NSScanner_Extensions.h; sourceTree = "<group>"; };
		6DEC5EB613AA14C700889109 /* NSScanner_Extensions.m */ = {isa = PBXFileReference; fileEncoding = 4; lastKnownFileType = sourcecode.c.objc; path = NSScanner_Extensions.m; sourceTree = "<group>"; };
		6DEC5EB813AA14C700889109 /* CJSONDataSerializer.h */ = {isa = PBXFileReference; fileEncoding = 4; lastKnownFileType = sourcecode.c.h; path = CJSONDataSerializer.h; sourceTree = "<group>"; };
		6DEC5EB913AA14C700889109 /* CJSONDataSerializer.m */ = {isa = PBXFileReference; fileEncoding = 4; lastKnownFileType = sourcecode.c.objc; path = CJSONDataSerializer.m; sourceTree = "<group>"; };
		6DEC5EBA13AA14C700889109 /* CJSONDeserializer.h */ = {isa = PBXFileReference; fileEncoding = 4; lastKnownFileType = sourcecode.c.h; path = CJSONDeserializer.h; sourceTree = "<group>"; };
		6DEC5EBB13AA14C700889109 /* CJSONDeserializer.m */ = {isa = PBXFileReference; fileEncoding = 4; lastKnownFileType = sourcecode.c.objc; path = CJSONDeserializer.m; sourceTree = "<group>"; };
		6DEC5EBC13AA14C700889109 /* CJSONScanner.h */ = {isa = PBXFileReference; fileEncoding = 4; lastKnownFileType = sourcecode.c.h; path = CJSONScanner.h; sourceTree = "<group>"; };
		6DEC5EBD13AA14C700889109 /* CJSONScanner.m */ = {isa = PBXFileReference; fileEncoding = 4; lastKnownFileType = sourcecode.c.objc; path = CJSONScanner.m; sourceTree = "<group>"; };
		6DEC5EBE13AA14C700889109 /* CJSONSerializer.h */ = {isa = PBXFileReference; fileEncoding = 4; lastKnownFileType = sourcecode.c.h; path = CJSONSerializer.h; sourceTree = "<group>"; };
		6DEC5EBF13AA14C700889109 /* CJSONSerializer.m */ = {isa = PBXFileReference; fileEncoding = 4; lastKnownFileType = sourcecode.c.objc; path = CJSONSerializer.m; sourceTree = "<group>"; };
		6DEC5EC013AA14C700889109 /* CSerializedJSONData.h */ = {isa = PBXFileReference; fileEncoding = 4; lastKnownFileType = sourcecode.c.h; path = CSerializedJSONData.h; sourceTree = "<group>"; };
		6DEC5EC113AA14C700889109 /* CSerializedJSONData.m */ = {isa = PBXFileReference; fileEncoding = 4; lastKnownFileType = sourcecode.c.objc; path = CSerializedJSONData.m; sourceTree = "<group>"; };
		6DEC5EF013AA1A6700889109 /* AnotherSDKTestViewController.h */ = {isa = PBXFileReference; fileEncoding = 4; lastKnownFileType = sourcecode.c.h; path = AnotherSDKTestViewController.h; sourceTree = "<group>"; };
		6DEC5EF113AA1A6700889109 /* AnotherSDKTestViewController.m */ = {isa = PBXFileReference; fileEncoding = 4; lastKnownFileType = sourcecode.c.objc; path = AnotherSDKTestViewController.m; sourceTree = "<group>"; };
		6DEC5EF413AA1A6700889109 /* TestDelegate.h */ = {isa = PBXFileReference; fileEncoding = 4; lastKnownFileType = sourcecode.c.h; path = TestDelegate.h; sourceTree = "<group>"; };
		6DEC5EF513AA1A6700889109 /* TestDelegate.m */ = {isa = PBXFileReference; fileEncoding = 4; lastKnownFileType = sourcecode.c.objc; path = TestDelegate.m; sourceTree = "<group>"; };
/* End PBXFileReference section */

/* Begin PBXFrameworksBuildPhase section */
		6D9F920A13AA132C009DEF37 /* Frameworks */ = {
			isa = PBXFrameworksBuildPhase;
			buildActionMask = 2147483647;
			files = (
				6D47223E13AA1C9700858222 /* QuartzCore.framework in Frameworks */,
				6D47223413AA1C3700858222 /* CoreGraphics.framework in Frameworks */,
				6D47223113AA1BF700858222 /* SystemConfiguration.framework in Frameworks */,
				6D47222F13AA1BD200858222 /* CoreLocation.framework in Frameworks */,
				6D9F921213AA132C009DEF37 /* UIKit.framework in Frameworks */,
				6D9F921413AA132C009DEF37 /* Foundation.framework in Frameworks */,
				6DEC5EDA13AA14C700889109 /* lib_madvertise_download_tracker_device_ver4_0_1.a in Frameworks */,
				6DEC5EDB13AA14C700889109 /* lib_madvertise_download_tracker_simulator_ver4_0_1.a in Frameworks */,
			);
			runOnlyForDeploymentPostprocessing = 0;
		};
/* End PBXFrameworksBuildPhase section */

/* Begin PBXGroup section */
		6D9F920213AA132C009DEF37 = {
			isa = PBXGroup;
			children = (
				6D9F921713AA132C009DEF37 /* MadvertiseSDKSample */,
				6D9F921013AA132C009DEF37 /* Frameworks */,
				6D9F920E13AA132C009DEF37 /* Products */,
			);
			sourceTree = "<group>";
		};
		6D9F920E13AA132C009DEF37 /* Products */ = {
			isa = PBXGroup;
			children = (
				6D9F920D13AA132C009DEF37 /* MadvertiseSDKSample.app */,
			);
			name = Products;
			sourceTree = "<group>";
		};
		6D9F921013AA132C009DEF37 /* Frameworks */ = {
			isa = PBXGroup;
			children = (
				6D47223D13AA1C9700858222 /* QuartzCore.framework */,
				6D47223313AA1C3700858222 /* CoreGraphics.framework */,
				6D47223013AA1BF700858222 /* SystemConfiguration.framework */,
				6D47222E13AA1BD200858222 /* CoreLocation.framework */,
				6D9F921113AA132C009DEF37 /* UIKit.framework */,
				6D9F921313AA132C009DEF37 /* Foundation.framework */,
				6D9F921513AA132C009DEF37 /* CoreGraphics.framework */,
			);
			name = Frameworks;
			sourceTree = "<group>";
		};
		6D9F921713AA132C009DEF37 /* MadvertiseSDKSample */ = {
			isa = PBXGroup;
			children = (
				6DEC5EE913AA1A6700889109 /* Classes */,
				6D9F922013AA132C009DEF37 /* MadvertiseSDKSampleAppDelegate.h */,
				6D9F922113AA132C009DEF37 /* MadvertiseSDKSampleAppDelegate.m */,
				6D9F922313AA132C009DEF37 /* iPhone */,
				6D9F922A13AA132C009DEF37 /* iPad */,
				6DEC5E6613AA14C700889109 /* madvertise-ios-sdk */,
				6D9F921813AA132C009DEF37 /* Supporting Files */,
			);
			path = MadvertiseSDKSample;
			sourceTree = "<group>";
		};
		6D9F921813AA132C009DEF37 /* Supporting Files */ = {
			isa = PBXGroup;
			children = (
				6D9F921913AA132C009DEF37 /* MadvertiseSDKSample-Info.plist */,
				6D9F921A13AA132C009DEF37 /* InfoPlist.strings */,
				6D9F921D13AA132C009DEF37 /* MadvertiseSDKSample-Prefix.pch */,
				6D9F921E13AA132C009DEF37 /* main.m */,
			);
			name = "Supporting Files";
			sourceTree = "<group>";
		};
		6D9F922313AA132C009DEF37 /* iPhone */ = {
			isa = PBXGroup;
			children = (
				6D9F922413AA132C009DEF37 /* MadvertiseSDKSampleAppDelegate_iPhone.h */,
				6D9F922513AA132C009DEF37 /* MadvertiseSDKSampleAppDelegate_iPhone.m */,
				6D9F922713AA132C009DEF37 /* MainWindow_iPhone.xib */,
			);
			name = iPhone;
			sourceTree = "<group>";
		};
		6D9F922A13AA132C009DEF37 /* iPad */ = {
			isa = PBXGroup;
			children = (
				6D9F922B13AA132C009DEF37 /* MadvertiseSDKSampleAppDelegate_iPad.h */,
				6D9F922C13AA132C009DEF37 /* MadvertiseSDKSampleAppDelegate_iPad.m */,
				6D9F922E13AA132C009DEF37 /* MainWindow_iPad.xib */,
			);
			name = iPad;
			sourceTree = "<group>";
		};
		6DEC5E6613AA14C700889109 /* madvertise-ios-sdk */ = {
			isa = PBXGroup;
			children = (
				6DEC5E6813AA14C700889109 /* src */,
			);
			name = "madvertise-ios-sdk";
			path = "../madvertise-ios-sdk";
			sourceTree = "<group>";
		};
		6DEC5E6813AA14C700889109 /* src */ = {
			isa = PBXGroup;
			children = (
				6DEC5E6913AA14C700889109 /* AdWhirl */,
				6DEC5E9513AA14C700889109 /* madvertise */,
				6DEC5EAB13AA14C700889109 /* TouchJSON */,
			);
			path = src;
			sourceTree = "<group>";
		};
		6DEC5E6913AA14C700889109 /* AdWhirl */ = {
			isa = PBXGroup;
			children = (
				6DEC5E6A13AA14C700889109 /* AdWhirlAdNetworkAdapter.h */,
				6DEC5E6B13AA14C700889109 /* AdWhirlDelegateProtocol.h */,
				6DEC5E6C13AA14C700889109 /* AdWhirlView.h */,
				6DEC5E6D13AA14C700889109 /* internal */,
				6DEC5E9213AA14C700889109 /* legacy */,
			);
			path = AdWhirl;
			sourceTree = "<group>";
		};
		6DEC5E6D13AA14C700889109 /* internal */ = {
			isa = PBXGroup;
			children = (
				6DEC5E6E13AA14C700889109 /* AdWhirlAdapterCustom.h */,
				6DEC5E6F13AA14C700889109 /* AdWhirlAdapterCustom.m */,
				6DEC5E7013AA14C700889109 /* AdWhirlAdapterEvent.h */,
				6DEC5E7113AA14C700889109 /* AdWhirlAdapterEvent.m */,
				6DEC5E7213AA14C700889109 /* AdWhirlAdapterGeneric.h */,
				6DEC5E7313AA14C700889109 /* AdWhirlAdapterGeneric.m */,
				6DEC5E7413AA14C700889109 /* AdWhirlAdNetworkAdapter+Helpers.h */,
				6DEC5E7513AA14C700889109 /* AdWhirlAdNetworkAdapter+Helpers.m */,
				6DEC5E7613AA14C700889109 /* AdWhirlAdNetworkAdapter.m */,
				6DEC5E7713AA14C700889109 /* AdWhirlAdNetworkConfig.h */,
				6DEC5E7813AA14C700889109 /* AdWhirlAdNetworkConfig.m */,
				6DEC5E7913AA14C700889109 /* AdWhirlAdNetworkRegistry.h */,
				6DEC5E7A13AA14C700889109 /* AdWhirlAdNetworkRegistry.m */,
				6DEC5E7B13AA14C700889109 /* AdWhirlClassWrapper.h */,
				6DEC5E7C13AA14C700889109 /* AdWhirlClassWrapper.m */,
				6DEC5E7D13AA14C700889109 /* AdWhirlConfig.h */,
				6DEC5E7E13AA14C700889109 /* AdWhirlConfig.m */,
				6DEC5E7F13AA14C700889109 /* AdWhirlConfigStore.h */,
				6DEC5E8013AA14C700889109 /* AdWhirlConfigStore.m */,
				6DEC5E8113AA14C700889109 /* AdWhirlCustomAdView.h */,
				6DEC5E8213AA14C700889109 /* AdWhirlCustomAdView.m */,
				6DEC5E8313AA14C700889109 /* AdWhirlError.h */,
				6DEC5E8413AA14C700889109 /* AdWhirlError.m */,
				6DEC5E8513AA14C700889109 /* AdWhirlLog.h */,
				6DEC5E8613AA14C700889109 /* AdWhirlLog.m */,
				6DEC5E8713AA14C700889109 /* AdWhirlView+.h */,
				6DEC5E8813AA14C700889109 /* AdWhirlView.m */,
				6DEC5E8913AA14C700889109 /* AdWhirlWebBrowser.xib */,
				6DEC5E8A13AA14C700889109 /* AdWhirlWebBrowserController.h */,
				6DEC5E8B13AA14C700889109 /* AdWhirlWebBrowserController.m */,
				6DEC5E8C13AA14C700889109 /* ARRollerView.m */,
				6DEC5E8D13AA14C700889109 /* AWNetworkReachabilityDelegate.h */,
				6DEC5E8E13AA14C700889109 /* AWNetworkReachabilityWrapper.h */,
				6DEC5E8F13AA14C700889109 /* AWNetworkReachabilityWrapper.m */,
				6DEC5E9013AA14C700889109 /* UIColor+AdWhirlConfig.h */,
				6DEC5E9113AA14C700889109 /* UIColor+AdWhirlConfig.m */,
			);
			path = internal;
			sourceTree = "<group>";
		};
		6DEC5E9213AA14C700889109 /* legacy */ = {
			isa = PBXGroup;
			children = (
				6DEC5E9313AA14C700889109 /* ARRollerProtocol.h */,
				6DEC5E9413AA14C700889109 /* ARRollerView.h */,
			);
			path = legacy;
			sourceTree = "<group>";
		};
		6DEC5E9513AA14C700889109 /* madvertise */ = {
			isa = PBXGroup;
			children = (
				6DEC5E9613AA14C700889109 /* DataModel */,
				6DEC5E9B13AA14C700889109 /* Helper */,
				6DEC5E9E13AA14C700889109 /* InAppLandingPageController.h */,
				6DEC5E9F13AA14C700889109 /* InAppLandingPageController.m */,
				6DEC5EA013AA14C700889109 /* Libs */,
				6DEC5EA413AA14C700889109 /* MadAdWhirlProtocol.h */,
				6DEC5EA513AA14C700889109 /* MadvertiseDelegationProtocol.h */,
				6DEC5EA613AA14C700889109 /* Views */,
			);
			path = madvertise;
			sourceTree = "<group>";
		};
		6DEC5E9613AA14C700889109 /* DataModel */ = {
			isa = PBXGroup;
			children = (
				6DEC5E9713AA14C700889109 /* Ad.h */,
				6DEC5E9813AA14C700889109 /* Ad.m */,
				6DEC5E9913AA14C700889109 /* MadLocation.h */,
				6DEC5E9A13AA14C700889109 /* MadLocation.m */,
			);
			path = DataModel;
			sourceTree = "<group>";
		};
		6DEC5E9B13AA14C700889109 /* Helper */ = {
			isa = PBXGroup;
			children = (
				6DEC5E9C13AA14C700889109 /* MadDebug.h */,
				6DEC5E9D13AA14C700889109 /* MadDebug.m */,
			);
			path = Helper;
			sourceTree = "<group>";
		};
		6DEC5EA013AA14C700889109 /* Libs */ = {
			isa = PBXGroup;
			children = (
				6DEC5EA113AA14C700889109 /* lib_madvertise_download_tracker_device_ver4_0_1.a */,
				6DEC5EA213AA14C700889109 /* lib_madvertise_download_tracker_simulator_ver4_0_1.a */,
				6DEC5EA313AA14C700889109 /* MadTracker.h */,
			);
			path = Libs;
			sourceTree = "<group>";
		};
		6DEC5EA613AA14C700889109 /* Views */ = {
			isa = PBXGroup;
			children = (
				6DEC5EA713AA14C700889109 /* MadvertiseView.h */,
				6DEC5EA813AA14C700889109 /* MadvertiseView.m */,
				6DEC5EA913AA14C700889109 /* TextAdView.h */,
				6DEC5EAA13AA14C700889109 /* TextAdView.m */,
			);
			path = Views;
			sourceTree = "<group>";
		};
		6DEC5EAB13AA14C700889109 /* TouchJSON */ = {
			isa = PBXGroup;
			children = (
				6DEC5EAC13AA14C700889109 /* CDataScanner.h */,
				6DEC5EAD13AA14C700889109 /* CDataScanner.m */,
				6DEC5EAE13AA14C700889109 /* Extensions */,
				6DEC5EB713AA14C700889109 /* JSON */,
			);
			path = TouchJSON;
			sourceTree = "<group>";
		};
		6DEC5EAE13AA14C700889109 /* Extensions */ = {
			isa = PBXGroup;
			children = (
				6DEC5EAF13AA14C700889109 /* CDataScanner_Extensions.h */,
				6DEC5EB013AA14C700889109 /* CDataScanner_Extensions.m */,
				6DEC5EB113AA14C700889109 /* NSCharacterSet_Extensions.h */,
				6DEC5EB213AA14C700889109 /* NSCharacterSet_Extensions.m */,
				6DEC5EB313AA14C700889109 /* NSDictionary_JSONExtensions.h */,
				6DEC5EB413AA14C700889109 /* NSDictionary_JSONExtensions.m */,
				6DEC5EB513AA14C700889109 /* NSScanner_Extensions.h */,
				6DEC5EB613AA14C700889109 /* NSScanner_Extensions.m */,
			);
			path = Extensions;
			sourceTree = "<group>";
		};
		6DEC5EB713AA14C700889109 /* JSON */ = {
			isa = PBXGroup;
			children = (
				6DEC5EB813AA14C700889109 /* CJSONDataSerializer.h */,
				6DEC5EB913AA14C700889109 /* CJSONDataSerializer.m */,
				6DEC5EBA13AA14C700889109 /* CJSONDeserializer.h */,
				6DEC5EBB13AA14C700889109 /* CJSONDeserializer.m */,
				6DEC5EBC13AA14C700889109 /* CJSONScanner.h */,
				6DEC5EBD13AA14C700889109 /* CJSONScanner.m */,
				6DEC5EBE13AA14C700889109 /* CJSONSerializer.h */,
				6DEC5EBF13AA14C700889109 /* CJSONSerializer.m */,
				6DEC5EC013AA14C700889109 /* CSerializedJSONData.h */,
				6DEC5EC113AA14C700889109 /* CSerializedJSONData.m */,
			);
			path = JSON;
			sourceTree = "<group>";
		};
		6DEC5EE913AA1A6700889109 /* Classes */ = {
			isa = PBXGroup;
			children = (
				6DAE9F6213AB3C9B0027C100 /* MadAdWhirlExampleDelegate.h */,
				6DAE9F6313AB3C9B0027C100 /* MadAdWhirlExampleDelegate.m */,
				6DEC5EF013AA1A6700889109 /* AnotherSDKTestViewController.h */,
				6DEC5EF113AA1A6700889109 /* AnotherSDKTestViewController.m */,
				6DEC5EF413AA1A6700889109 /* TestDelegate.h */,
				6DEC5EF513AA1A6700889109 /* TestDelegate.m */,
			);
			path = Classes;
			sourceTree = "<group>";
		};
/* End PBXGroup section */

/* Begin PBXNativeTarget section */
		6D9F920C13AA132C009DEF37 /* MadvertiseSDKSample */ = {
			isa = PBXNativeTarget;
			buildConfigurationList = 6D9F923313AA132C009DEF37 /* Build configuration list for PBXNativeTarget "MadvertiseSDKSample" */;
			buildPhases = (
				6D9F920913AA132C009DEF37 /* Sources */,
				6D9F920A13AA132C009DEF37 /* Frameworks */,
				6D9F920B13AA132C009DEF37 /* Resources */,
			);
			buildRules = (
			);
			dependencies = (
			);
			name = MadvertiseSDKSample;
			productName = MadvertiseSDKSample;
			productReference = 6D9F920D13AA132C009DEF37 /* MadvertiseSDKSample.app */;
			productType = "com.apple.product-type.application";
		};
/* End PBXNativeTarget section */

/* Begin PBXProject section */
		6D9F920413AA132C009DEF37 /* Project object */ = {
			isa = PBXProject;
			buildConfigurationList = 6D9F920713AA132C009DEF37 /* Build configuration list for PBXProject "MadvertiseSDKSample" */;
			compatibilityVersion = "Xcode 3.2";
			hasScannedForEncodings = 0;
			knownRegions = (
				en,
			);
			mainGroup = 6D9F920213AA132C009DEF37;
			productRefGroup = 6D9F920E13AA132C009DEF37 /* Products */;
			projectDirPath = "";
			projectRoot = "";
			targets = (
				6D9F920C13AA132C009DEF37 /* MadvertiseSDKSample */,
				6D47223F13AA226800858222 /* Aggregate */,
			);
		};
/* End PBXProject section */

/* Begin PBXResourcesBuildPhase section */
		6D9F920B13AA132C009DEF37 /* Resources */ = {
			isa = PBXResourcesBuildPhase;
			buildActionMask = 2147483647;
			files = (
				6D9F921C13AA132C009DEF37 /* InfoPlist.strings in Resources */,
				6D9F922913AA132C009DEF37 /* MainWindow_iPhone.xib in Resources */,
				6D9F923013AA132C009DEF37 /* MainWindow_iPad.xib in Resources */,
				6DEC5ED113AA14C700889109 /* AdWhirlWebBrowser.xib in Resources */,
			);
			runOnlyForDeploymentPostprocessing = 0;
		};
/* End PBXResourcesBuildPhase section */

/* Begin PBXShellScriptBuildPhase section */
		6D47224313AA226D00858222 /* ShellScript */ = {
			isa = PBXShellScriptBuildPhase;
			buildActionMask = 2147483647;
			files = (
			);
			inputPaths = (
			);
			outputPaths = (
			);
			runOnlyForDeploymentPostprocessing = 0;
			shellPath = /bin/sh;
			shellScript = "#!/bin/sh\n\n# This has to match the name of the configuration you use for Ad-Hoc builds!\nadHocConfigurationName=\"AdHoc\"\nadHocCertificate=\"iPhone Distribution: kuhnke, riedel, wegner - GbR\"\nprovisioningProfilePath=\"${PROJECT_DIR}/adhoc.mobileprovision\"\n\nexecutableName=\"MadvertiseSDKSample\"\nbundleDisplayName=\"MadvertiseSDKSample\"\n\narchiveDirectoryPath=\"${PROJECT_DIR}/Releases/Beta\";\n\nuploadMethod=\"scp\"\n\nftpUsername=\"adhoc\"\nftpPassword=\"\"\nftpServerDirectoryPath=\"adhoc.appfarms.com/httpdocs/Madvertise\"\n\nscpUser=\"adhoc\"\nscpHost=\"appfarms.com\"\nscpPath=\"/srv/www/vhosts/appfarms.com/subdomains/adhoc/httpdocs/Madvertise/public\"\n\napplicationPath=\"${CONFIGURATION_BUILD_DIR}/$executableName.app\"\n\necho \"EFFECTIVE_PLATFORM_NAME: ${EFFECTIVE_PLATFORM_NAME} - BUILD_STYLE: ${BUILD_STYLE} - applicationPath: ${applicationPath}\"\n\nif [[ \"${EFFECTIVE_PLATFORM_NAME}\" == \"-iphoneos\" && \"${BUILD_STYLE}\" == $adHocConfigurationName && -e $applicationPath ]]\nthen\nbundleVersion=$(defaults read \"$applicationPath/Info\" CFBundleVersion)\nbundleVersionShort=$(defaults read \"$applicationPath/Info\" CFBundleShortVersionString)\nbundleIdentifier=$(defaults read \"$applicationPath/Info\" CFBundleIdentifier)\n\ncd \"${CONFIGURATION_BUILD_DIR}\"\n\necho \"/usr/bin/xcrun -sdk iphoneos PackageApplication \\\"$executableName.app\\\" -o \\\"${CONFIGURATION_BUILD_DIR}/$executableName.ipa\\\" --sign \\\"$adHocCertificate\\\" --embed \\\"$provisioningProfilePath\\\"\";\n\n# Archive the application for Ad-Hoc distribution\n/usr/bin/xcrun -sdk iphoneos PackageApplication \"$executableName.app\" -o \"${CONFIGURATION_BUILD_DIR}/$executableName.ipa\" --sign \"$adHocCertificate\" --embed \"$provisioningProfilePath\"\n\n\n# Generate .plist file for wireless app distribution\necho \"<?xml version=\\\"1.0\\\" encoding=\\\"UTF-8\\\"?>\n<!DOCTYPE plist PUBLIC \\\"-//Apple//DTD PLIST 1.0//EN\\\" \\\"http://www.apple.com/DTDs/PropertyList-1.0.dtd\\\">\n<plist version=\\\"1.0\\\">\n<dict>\n<key>items</key>\n<array>\n<dict>\n<key>assets</key>\n<array>\n<dict>\n<key>kind</key>\n<string>software-package</string>\n<key>url</key>\n<string>__URL__</string>\n</dict>\n</array>\n<key>metadata</key>\n<dict>\n<key>bundle-identifier</key>\n<string>$bundleIdentifier</string>\n<key>bundle-version</key>\n<string>$bundleVersionShort ($bundleVersion)</string>\n<key>kind</key>\n<string>software</string>\n<key>title</key>\n<string>$bundleDisplayName</string>\n</dict>\n</dict>\n</array>\n</dict>\n</plist>\" > \"${CONFIGURATION_BUILD_DIR}/$executableName.plist\";\n\n# Open Terminal and upload the .ipa and .plist files\nif ([ \"$uploadMethod\" == \"ftp\" ])\nthen\necho \"Uploading $executableName.ipa and $executableName.plist to $ftpServerDirectoryPath...\";\n\n/usr/bin/osascript <<-EOF\non isApplicationRunning(application)\ntell application \"System Events\" to (name of processes) contains application\nend isApplicationRunning\n\nif not (isApplicationRunning(\"Terminal\")) then\ntell application \"Terminal\"\nlaunch\n#close window 1\nend tell\nend if\n\ntell application \"Terminal\"\ndo script with command \"curl -T \\\"${CONFIGURATION_BUILD_DIR}/$executableName.ipa\\\" \\\"ftp://$ftpUsername:$ftpPassword@$ftpServerDirectoryPath/$bundleIdentifier/$executableName.ipa\\\"\"\ndo script with command \"curl -T \\\"${CONFIGURATION_BUILD_DIR}/$executableName.plist\\\" \\\"ftp://$ftpUsername:$ftpPassword@$ftpServerDirectoryPath/$bundleIdentifier/$executableName.plist\\\"\"\ndo script with command \"curl -T \\\"${PROJECT_DIR}/adhoc.png\\\" \\\"ftp://$ftpUsername:$ftpPassword@$ftpServerDirectoryPath/$bundleIdentifier/$executableName.png\\\"\"\nend tell\nEOF\nelif [[ \"$uploadMethod\" == \"scp\" ]]\nthen\necho \"Uploading $executableName.ipa and $executableName.plist to $scpHost...\";\nscp \"${CONFIGURATION_BUILD_DIR}/$executableName.ipa\" $scpUser@$scpHost:\"$scpPath/$bundleIdentifier\"\nscp \"${CONFIGURATION_BUILD_DIR}/$executableName.plist\" $scpUser@$scpHost:\"$scpPath/$bundleIdentifier\"\nscp \"${PROJECT_DIR}/adhoc.png\" $scpUser@$scpHost:\"$scpPath/$bundleIdentifier\"\nfi\nfi\n";
		};
/* End PBXShellScriptBuildPhase section */

/* Begin PBXSourcesBuildPhase section */
		6D9F920913AA132C009DEF37 /* Sources */ = {
			isa = PBXSourcesBuildPhase;
			buildActionMask = 2147483647;
			files = (
				6D9F921F13AA132C009DEF37 /* main.m in Sources */,
				6D9F922213AA132C009DEF37 /* MadvertiseSDKSampleAppDelegate.m in Sources */,
				6D9F922613AA132C009DEF37 /* MadvertiseSDKSampleAppDelegate_iPhone.m in Sources */,
				6D9F922D13AA132C009DEF37 /* MadvertiseSDKSampleAppDelegate_iPad.m in Sources */,
				6DEC5EC313AA14C700889109 /* AdWhirlAdapterCustom.m in Sources */,
				6DEC5EC413AA14C700889109 /* AdWhirlAdapterEvent.m in Sources */,
				6DEC5EC513AA14C700889109 /* AdWhirlAdapterGeneric.m in Sources */,
				6DEC5EC613AA14C700889109 /* AdWhirlAdNetworkAdapter+Helpers.m in Sources */,
				6DEC5EC713AA14C700889109 /* AdWhirlAdNetworkAdapter.m in Sources */,
				6DEC5EC813AA14C700889109 /* AdWhirlAdNetworkConfig.m in Sources */,
				6DEC5EC913AA14C700889109 /* AdWhirlAdNetworkRegistry.m in Sources */,
				6DEC5ECA13AA14C700889109 /* AdWhirlClassWrapper.m in Sources */,
				6DEC5ECB13AA14C700889109 /* AdWhirlConfig.m in Sources */,
				6DEC5ECC13AA14C700889109 /* AdWhirlConfigStore.m in Sources */,
				6DEC5ECD13AA14C700889109 /* AdWhirlCustomAdView.m in Sources */,
				6DEC5ECE13AA14C700889109 /* AdWhirlError.m in Sources */,
				6DEC5ECF13AA14C700889109 /* AdWhirlLog.m in Sources */,
				6DEC5ED013AA14C700889109 /* AdWhirlView.m in Sources */,
				6DEC5ED213AA14C700889109 /* AdWhirlWebBrowserController.m in Sources */,
				6DEC5ED313AA14C700889109 /* ARRollerView.m in Sources */,
				6DEC5ED413AA14C700889109 /* AWNetworkReachabilityWrapper.m in Sources */,
				6DEC5ED513AA14C700889109 /* UIColor+AdWhirlConfig.m in Sources */,
				6DEC5ED613AA14C700889109 /* Ad.m in Sources */,
				6DEC5ED713AA14C700889109 /* MadLocation.m in Sources */,
				6DEC5ED813AA14C700889109 /* MadDebug.m in Sources */,
				6DEC5ED913AA14C700889109 /* InAppLandingPageController.m in Sources */,
				6DEC5EDC13AA14C700889109 /* MadvertiseView.m in Sources */,
				6DEC5EDD13AA14C700889109 /* TextAdView.m in Sources */,
				6DEC5EDE13AA14C700889109 /* CDataScanner.m in Sources */,
				6DEC5EDF13AA14C700889109 /* CDataScanner_Extensions.m in Sources */,
				6DEC5EE013AA14C700889109 /* NSCharacterSet_Extensions.m in Sources */,
				6DEC5EE113AA14C700889109 /* NSDictionary_JSONExtensions.m in Sources */,
				6DEC5EE213AA14C700889109 /* NSScanner_Extensions.m in Sources */,
				6DEC5EE313AA14C700889109 /* CJSONDataSerializer.m in Sources */,
				6DEC5EE413AA14C700889109 /* CJSONDeserializer.m in Sources */,
				6DEC5EE513AA14C700889109 /* CJSONScanner.m in Sources */,
				6DEC5EE613AA14C700889109 /* CJSONSerializer.m in Sources */,
				6DEC5EE713AA14C700889109 /* CSerializedJSONData.m in Sources */,
				6DEC5EF913AA1A6700889109 /* AnotherSDKTestViewController.m in Sources */,
				6DEC5EFB13AA1A6700889109 /* TestDelegate.m in Sources */,
				6DAE9F6413AB3C9B0027C100 /* MadAdWhirlExampleDelegate.m in Sources */,
			);
			runOnlyForDeploymentPostprocessing = 0;
		};
/* End PBXSourcesBuildPhase section */

/* Begin PBXTargetDependency section */
		6D47225813AA237E00858222 /* PBXTargetDependency */ = {
			isa = PBXTargetDependency;
			target = 6D9F920C13AA132C009DEF37 /* MadvertiseSDKSample */;
			targetProxy = 6D47225713AA237E00858222 /* PBXContainerItemProxy */;
		};
/* End PBXTargetDependency section */

/* Begin PBXVariantGroup section */
		6D9F921A13AA132C009DEF37 /* InfoPlist.strings */ = {
			isa = PBXVariantGroup;
			children = (
				6D9F921B13AA132C009DEF37 /* en */,
			);
			name = InfoPlist.strings;
			sourceTree = "<group>";
		};
		6D9F922713AA132C009DEF37 /* MainWindow_iPhone.xib */ = {
			isa = PBXVariantGroup;
			children = (
				6D9F922813AA132C009DEF37 /* en */,
			);
			name = MainWindow_iPhone.xib;
			sourceTree = "<group>";
		};
		6D9F922E13AA132C009DEF37 /* MainWindow_iPad.xib */ = {
			isa = PBXVariantGroup;
			children = (
				6D9F922F13AA132C009DEF37 /* en */,
			);
			name = MainWindow_iPad.xib;
			sourceTree = "<group>";
		};
/* End PBXVariantGroup section */

/* Begin XCBuildConfiguration section */
		6D47224113AA226800858222 /* Debug */ = {
			isa = XCBuildConfiguration;
			buildSettings = {
				PRODUCT_NAME = "$(TARGET_NAME)";
			};
			name = Debug;
		};
		6D47224213AA226800858222 /* Release */ = {
			isa = XCBuildConfiguration;
			buildSettings = {
				PRODUCT_NAME = "$(TARGET_NAME)";
			};
			name = Release;
		};
		6D47224413AA227400858222 /* AdHoc */ = {
			isa = XCBuildConfiguration;
			buildSettings = {
				ARCHS = "$(ARCHS_STANDARD_32_BIT)";
				CODE_SIGN_IDENTITY = "iPhone Distribution";
				"CODE_SIGN_IDENTITY[sdk=iphoneos*]" = "iPhone Distribution";
				CURRENT_PROJECT_VERSION = 3;
				GCC_C_LANGUAGE_STANDARD = gnu99;
				GCC_PREPROCESSOR_DEFINITIONS = Configuration_AdHoc;
				GCC_VERSION = com.apple.compilers.llvmgcc42;
				GCC_WARN_ABOUT_RETURN_TYPE = YES;
				GCC_WARN_UNUSED_VARIABLE = YES;
				IPHONEOS_DEPLOYMENT_TARGET = 4.3;
				OTHER_CFLAGS = "-DNS_BLOCK_ASSERTIONS=1";
				PROVISIONING_PROFILE = "";
				"PROVISIONING_PROFILE[sdk=iphoneos*]" = "";
				SDKROOT = iphoneos;
				TARGETED_DEVICE_FAMILY = "1,2";
				VERSIONING_SYSTEM = "apple-generic";
			};
			name = AdHoc;
		};
		6D47224513AA227400858222 /* AdHoc */ = {
			isa = XCBuildConfiguration;
			buildSettings = {
				ALWAYS_SEARCH_USER_PATHS = NO;
				COPY_PHASE_STRIP = YES;
				FRAMEWORK_SEARCH_PATHS = (
					"$(inherited)",
					"\"$(SRCROOT)/MadvertiseSDKSample/Classes/QuincyKit\"",
				);
				GCC_PRECOMPILE_PREFIX_HEADER = YES;
				GCC_PREFIX_HEADER = "MadvertiseSDKSample/MadvertiseSDKSample-Prefix.pch";
				INFOPLIST_FILE = "MadvertiseSDKSample/MadvertiseSDKSample-Info.plist";
				LIBRARY_SEARCH_PATHS = (
					"$(inherited)",
					"\"$(SRCROOT)/madvertise-ios-sdk/src/madvertise/Libs\"",
				);
				PRODUCT_NAME = "$(TARGET_NAME)";
				VALIDATE_PRODUCT = YES;
				WRAPPER_EXTENSION = app;
			};
			name = AdHoc;
		};
		6D47224613AA227400858222 /* AdHoc */ = {
			isa = XCBuildConfiguration;
			buildSettings = {
				PRODUCT_NAME = "$(TARGET_NAME)";
			};
			name = AdHoc;
		};
		6D9F923113AA132C009DEF37 /* Debug */ = {
			isa = XCBuildConfiguration;
			buildSettings = {
				ARCHS = "$(ARCHS_STANDARD_32_BIT)";
				CODE_SIGN_IDENTITY = "iPhone Developer";
				"CODE_SIGN_IDENTITY[sdk=iphoneos*]" = "iPhone Developer";
				CURRENT_PROJECT_VERSION = 3;
				GCC_C_LANGUAGE_STANDARD = gnu99;
				GCC_OPTIMIZATION_LEVEL = 0;
				GCC_PREPROCESSOR_DEFINITIONS = DEBUG;
				GCC_SYMBOLS_PRIVATE_EXTERN = NO;
				GCC_VERSION = com.apple.compilers.llvmgcc42;
				GCC_WARN_ABOUT_RETURN_TYPE = YES;
				GCC_WARN_UNUSED_VARIABLE = YES;
				IPHONEOS_DEPLOYMENT_TARGET = 4.3;
				PROVISIONING_PROFILE = "";
				SDKROOT = iphoneos;
				TARGETED_DEVICE_FAMILY = "1,2";
				VERSIONING_SYSTEM = "apple-generic";
			};
			name = Debug;
		};
		6D9F923213AA132C009DEF37 /* Release */ = {
			isa = XCBuildConfiguration;
			buildSettings = {
				ARCHS = "$(ARCHS_STANDARD_32_BIT)";
				CODE_SIGN_IDENTITY = "iPhone Distribution";
				"CODE_SIGN_IDENTITY[sdk=iphoneos*]" = "iPhone Developer";
				CURRENT_PROJECT_VERSION = 3;
				GCC_C_LANGUAGE_STANDARD = gnu99;
				GCC_VERSION = com.apple.compilers.llvmgcc42;
				GCC_WARN_ABOUT_RETURN_TYPE = YES;
				GCC_WARN_UNUSED_VARIABLE = YES;
				IPHONEOS_DEPLOYMENT_TARGET = 4.3;
				OTHER_CFLAGS = "-DNS_BLOCK_ASSERTIONS=1";
				PROVISIONING_PROFILE = "";
				SDKROOT = iphoneos;
				TARGETED_DEVICE_FAMILY = "1,2";
				VERSIONING_SYSTEM = "apple-generic";
			};
			name = Release;
		};
		6D9F923413AA132C009DEF37 /* Debug */ = {
			isa = XCBuildConfiguration;
			buildSettings = {
				ALWAYS_SEARCH_USER_PATHS = NO;
				COPY_PHASE_STRIP = NO;
				FRAMEWORK_SEARCH_PATHS = (
					"$(inherited)",
					"\"$(SRCROOT)/MadvertiseSDKSample/Classes/QuincyKit\"",
				);
				GCC_DYNAMIC_NO_PIC = NO;
				GCC_PRECOMPILE_PREFIX_HEADER = YES;
				GCC_PREFIX_HEADER = "MadvertiseSDKSample/MadvertiseSDKSample-Prefix.pch";
				INFOPLIST_FILE = "MadvertiseSDKSample/MadvertiseSDKSample-Info.plist";
				LIBRARY_SEARCH_PATHS = (
					"$(inherited)",
					"\"$(SRCROOT)/madvertise-ios-sdk/src/madvertise/Libs\"",
				);
				PRODUCT_NAME = "$(TARGET_NAME)";
				WRAPPER_EXTENSION = app;
			};
			name = Debug;
		};
		6D9F923513AA132C009DEF37 /* Release */ = {
			isa = XCBuildConfiguration;
			buildSettings = {
				ALWAYS_SEARCH_USER_PATHS = NO;
				COPY_PHASE_STRIP = YES;
				FRAMEWORK_SEARCH_PATHS = (
					"$(inherited)",
					"\"$(SRCROOT)/MadvertiseSDKSample/Classes/QuincyKit\"",
				);
				GCC_PRECOMPILE_PREFIX_HEADER = YES;
				GCC_PREFIX_HEADER = "MadvertiseSDKSample/MadvertiseSDKSample-Prefix.pch";
				INFOPLIST_FILE = "MadvertiseSDKSample/MadvertiseSDKSample-Info.plist";
				LIBRARY_SEARCH_PATHS = (
					"$(inherited)",
					"\"$(SRCROOT)/madvertise-ios-sdk/src/madvertise/Libs\"",
				);
				PRODUCT_NAME = "$(TARGET_NAME)";
				VALIDATE_PRODUCT = YES;
				WRAPPER_EXTENSION = app;
			};
			name = Release;
		};
/* End XCBuildConfiguration section */

/* Begin XCConfigurationList section */
		6D47224013AA226800858222 /* Build configuration list for PBXAggregateTarget "Aggregate" */ = {
			isa = XCConfigurationList;
			buildConfigurations = (
				6D47224113AA226800858222 /* Debug */,
				6D47224213AA226800858222 /* Release */,
				6D47224613AA227400858222 /* AdHoc */,
			);
			defaultConfigurationIsVisible = 0;
			defaultConfigurationName = Release;
		};
		6D9F920713AA132C009DEF37 /* Build configuration list for PBXProject "MadvertiseSDKSample" */ = {
			isa = XCConfigurationList;
			buildConfigurations = (
				6D9F923113AA132C009DEF37 /* Debug */,
				6D9F923213AA132C009DEF37 /* Release */,
				6D47224413AA227400858222 /* AdHoc */,
			);
			defaultConfigurationIsVisible = 0;
			defaultConfigurationName = Release;
		};
		6D9F923313AA132C009DEF37 /* Build configuration list for PBXNativeTarget "MadvertiseSDKSample" */ = {
			isa = XCConfigurationList;
			buildConfigurations = (
				6D9F923413AA132C009DEF37 /* Debug */,
				6D9F923513AA132C009DEF37 /* Release */,
				6D47224513AA227400858222 /* AdHoc */,
			);
			defaultConfigurationIsVisible = 0;
			defaultConfigurationName = Release;
		};
/* End XCConfigurationList section */
	};
	rootObject = 6D9F920413AA132C009DEF37 /* Project object */;
}
