// !$*UTF8*$!
{
	archiveVersion = 1;
	classes = {
	};
	objectVersion = 45;
	objects = {

/* Begin PBXBuildFile section */
		5B7682111372BF7A002D29D5 /* Foundation.framework in Frameworks */ = {isa = PBXBuildFile; fileRef = AACBBE490F95108600F1A2B1 /* Foundation.framework */; };
		5B76821C1372BF7A002D29D5 /* UIKit.framework in Frameworks */ = {isa = PBXBuildFile; fileRef = 5B76821B1372BF7A002D29D5 /* UIKit.framework */; };
		5B76821D1372BF7A002D29D5 /* Foundation.framework in Frameworks */ = {isa = PBXBuildFile; fileRef = AACBBE490F95108600F1A2B1 /* Foundation.framework */; };
		5B76821F1372BF7A002D29D5 /* CoreGraphics.framework in Frameworks */ = {isa = PBXBuildFile; fileRef = 5B76821E1372BF7A002D29D5 /* CoreGraphics.framework */; };
		5B7682221372BF7A002D29D5 /* libtest.a in Frameworks */ = {isa = PBXBuildFile; fileRef = 5B7682101372BF7A002D29D5 /* libtest.a */; };
		5B7682281372BF7A002D29D5 /* InfoPlist.strings in Resources */ = {isa = PBXBuildFile; fileRef = 5B7682261372BF7A002D29D5 /* InfoPlist.strings */; };
		5B76822B1372BF7A002D29D5 /* testTests.h in Resources */ = {isa = PBXBuildFile; fileRef = 5B76822A1372BF7A002D29D5 /* testTests.h */; };
		5B76822D1372BF7A002D29D5 /* testTests.m in Sources */ = {isa = PBXBuildFile; fileRef = 5B76822C1372BF7A002D29D5 /* testTests.m */; };
/* End PBXBuildFile section */

/* Begin PBXContainerItemProxy section */
		5B7682201372BF7A002D29D5 /* PBXContainerItemProxy */ = {
			isa = PBXContainerItemProxy;
			containerPortal = 0867D690FE84028FC02AAC07 /* Project object */;
			proxyType = 1;
			remoteGlobalIDString = 5B76820F1372BF7A002D29D5;
			remoteInfo = test;
		};
/* End PBXContainerItemProxy section */

/* Begin PBXFileReference section */
		5B7682101372BF7A002D29D5 /* libtest.a */ = {isa = PBXFileReference; explicitFileType = archive.ar; includeInIndex = 0; path = libtest.a; sourceTree = BUILT_PRODUCTS_DIR; };
		5B7682141372BF7A002D29D5 /* test-Prefix.pch */ = {isa = PBXFileReference; path = "test-Prefix.pch"; sourceTree = "<group>"; };
		5B76821A1372BF7A002D29D5 /* testTests.octest */ = {isa = PBXFileReference; explicitFileType = wrapper.cfbundle; includeInIndex = 0; path = testTests.octest; sourceTree = BUILT_PRODUCTS_DIR; };
		5B76821B1372BF7A002D29D5 /* UIKit.framework */ = {isa = PBXFileReference; lastKnownFileType = wrapper.framework; name = UIKit.framework; path = System/Library/Frameworks/UIKit.framework; sourceTree = SDKROOT; };
		5B76821E1372BF7A002D29D5 /* CoreGraphics.framework */ = {isa = PBXFileReference; lastKnownFileType = wrapper.framework; name = CoreGraphics.framework; path = System/Library/Frameworks/CoreGraphics.framework; sourceTree = SDKROOT; };
		5B7682251372BF7A002D29D5 /* testTests-Info.plist */ = {isa = PBXFileReference; path = "testTests-Info.plist"; sourceTree = "<group>"; };
		5B7682271372BF7A002D29D5 /* en */ = {isa = PBXFileReference; lastKnownFileType = text.plist.strings; name = en; path = en.lproj/InfoPlist.strings; sourceTree = "<group>"; };
		5B7682291372BF7A002D29D5 /* testTests-Prefix.pch */ = {isa = PBXFileReference; path = "testTests-Prefix.pch"; sourceTree = "<group>"; };
		5B76822A1372BF7A002D29D5 /* testTests.h */ = {isa = PBXFileReference; lastKnownFileType = sourcecode.c.h; path = testTests.h; sourceTree = "<group>"; };
		5B76822C1372BF7A002D29D5 /* testTests.m */ = {isa = PBXFileReference; lastKnownFileType = sourcecode.c.objc; path = testTests.m; sourceTree = "<group>"; };
		8E577052131E777B00FC40CD /* Ad.h */ = {isa = PBXFileReference; fileEncoding = 4; lastKnownFileType = sourcecode.c.h; name = Ad.h; path = "../../madvertise-ios-sdk/src/Ad.h"; sourceTree = SOURCE_ROOT; };
		8E577053131E777B00FC40CD /* Ad.m */ = {isa = PBXFileReference; fileEncoding = 4; lastKnownFileType = sourcecode.c.objc; name = Ad.m; path = "../../madvertise-ios-sdk/src/Ad.m"; sourceTree = SOURCE_ROOT; };
		8E577054131E777B00FC40CD /* InAppLandingPageController.h */ = {isa = PBXFileReference; fileEncoding = 4; lastKnownFileType = sourcecode.c.h; name = InAppLandingPageController.h; path = "../../madvertise-ios-sdk/src/InAppLandingPageController.h"; sourceTree = SOURCE_ROOT; };
		8E577055131E777B00FC40CD /* InAppLandingPageController.m */ = {isa = PBXFileReference; fileEncoding = 4; lastKnownFileType = sourcecode.c.objc; name = InAppLandingPageController.m; path = "../../madvertise-ios-sdk/src/InAppLandingPageController.m"; sourceTree = SOURCE_ROOT; };
		8E577056131E777B00FC40CD /* MadDebug.h */ = {isa = PBXFileReference; fileEncoding = 4; lastKnownFileType = sourcecode.c.h; name = MadDebug.h; path = "../../madvertise-ios-sdk/src/MadDebug.h"; sourceTree = SOURCE_ROOT; };
		8E577057131E777B00FC40CD /* MadDebug.m */ = {isa = PBXFileReference; fileEncoding = 4; lastKnownFileType = sourcecode.c.objc; name = MadDebug.m; path = "../../madvertise-ios-sdk/src/MadDebug.m"; sourceTree = SOURCE_ROOT; };
		8E577058131E777B00FC40CD /* MadvertiseDelegationProtocol.h */ = {isa = PBXFileReference; fileEncoding = 4; lastKnownFileType = sourcecode.c.h; name = MadvertiseDelegationProtocol.h; path = "../../madvertise-ios-sdk/src/MadvertiseDelegationProtocol.h"; sourceTree = SOURCE_ROOT; };
		8E577059131E777B00FC40CD /* MadvertiseView.h */ = {isa = PBXFileReference; fileEncoding = 4; lastKnownFileType = sourcecode.c.h; name = MadvertiseView.h; path = "../../madvertise-ios-sdk/src/MadvertiseView.h"; sourceTree = SOURCE_ROOT; };
		8E57705A131E777B00FC40CD /* MadvertiseView.m */ = {isa = PBXFileReference; fileEncoding = 4; lastKnownFileType = sourcecode.c.objc; name = MadvertiseView.m; path = "../../madvertise-ios-sdk/src/MadvertiseView.m"; sourceTree = SOURCE_ROOT; };
		8E57705B131E777B00FC40CD /* TextAdView.h */ = {isa = PBXFileReference; fileEncoding = 4; lastKnownFileType = sourcecode.c.h; name = TextAdView.h; path = "../../madvertise-ios-sdk/src/TextAdView.h"; sourceTree = SOURCE_ROOT; };
		8E57705C131E777B00FC40CD /* TextAdView.m */ = {isa = PBXFileReference; fileEncoding = 4; lastKnownFileType = sourcecode.c.objc; name = TextAdView.m; path = "../../madvertise-ios-sdk/src/TextAdView.m"; sourceTree = SOURCE_ROOT; };
		AA747D9E0F9514B9006C5449 /* madvertise_ios_sdk_Prefix.pch */ = {isa = PBXFileReference; fileEncoding = 4; lastKnownFileType = sourcecode.c.h; path = madvertise_ios_sdk_Prefix.pch; sourceTree = SOURCE_ROOT; };
		AACBBE490F95108600F1A2B1 /* Foundation.framework */ = {isa = PBXFileReference; lastKnownFileType = wrapper.framework; name = Foundation.framework; path = System/Library/Frameworks/Foundation.framework; sourceTree = SDKROOT; };
/* End PBXFileReference section */

/* Begin PBXFrameworksBuildPhase section */
		5B76820D1372BF7A002D29D5 /* Frameworks */ = {
			isa = PBXFrameworksBuildPhase;
			buildActionMask = 2147483647;
			files = (
				5B7682111372BF7A002D29D5 /* Foundation.framework in Frameworks */,
			);
			runOnlyForDeploymentPostprocessing = 0;
		};
		5B7682161372BF7A002D29D5 /* Frameworks */ = {
			isa = PBXFrameworksBuildPhase;
			buildActionMask = 2147483647;
			files = (
				5B76821C1372BF7A002D29D5 /* UIKit.framework in Frameworks */,
				5B76821D1372BF7A002D29D5 /* Foundation.framework in Frameworks */,
				5B76821F1372BF7A002D29D5 /* CoreGraphics.framework in Frameworks */,
				5B7682221372BF7A002D29D5 /* libtest.a in Frameworks */,
			);
			runOnlyForDeploymentPostprocessing = 0;
		};
/* End PBXFrameworksBuildPhase section */

/* Begin PBXGroup section */
		034768DFFF38A50411DB9C8B /* Products */ = {
			isa = PBXGroup;
			children = (
				5B7682101372BF7A002D29D5 /* libtest.a */,
				5B76821A1372BF7A002D29D5 /* testTests.octest */,
			);
			name = Products;
			sourceTree = "<group>";
		};
		0867D691FE84028FC02AAC07 /* madvertise-ios-sdk */ = {
			isa = PBXGroup;
			children = (
				08FB77AEFE84172EC02AAC07 /* Classes */,
				32C88DFF0371C24200C91783 /* Other Sources */,
				5B7682121372BF7A002D29D5 /* test */,
				5B7682231372BF7A002D29D5 /* testTests */,
				0867D69AFE84028FC02AAC07 /* Frameworks */,
				034768DFFF38A50411DB9C8B /* Products */,
			);
			name = "madvertise-ios-sdk";
			sourceTree = "<group>";
		};
		0867D69AFE84028FC02AAC07 /* Frameworks */ = {
			isa = PBXGroup;
			children = (
				AACBBE490F95108600F1A2B1 /* Foundation.framework */,
				5B76821B1372BF7A002D29D5 /* UIKit.framework */,
				5B76821E1372BF7A002D29D5 /* CoreGraphics.framework */,
			);
			name = Frameworks;
			sourceTree = "<group>";
		};
		08FB77AEFE84172EC02AAC07 /* Classes */ = {
			isa = PBXGroup;
			children = (
				8E577052131E777B00FC40CD /* Ad.h */,
				8E577053131E777B00FC40CD /* Ad.m */,
				8E577054131E777B00FC40CD /* InAppLandingPageController.h */,
				8E577055131E777B00FC40CD /* InAppLandingPageController.m */,
				8E577056131E777B00FC40CD /* MadDebug.h */,
				8E577057131E777B00FC40CD /* MadDebug.m */,
				8E577058131E777B00FC40CD /* MadvertiseDelegationProtocol.h */,
				8E577059131E777B00FC40CD /* MadvertiseView.h */,
				8E57705A131E777B00FC40CD /* MadvertiseView.m */,
				8E57705B131E777B00FC40CD /* TextAdView.h */,
				8E57705C131E777B00FC40CD /* TextAdView.m */,
			);
			name = Classes;
			sourceTree = "<group>";
		};
		32C88DFF0371C24200C91783 /* Other Sources */ = {
			isa = PBXGroup;
			children = (
				AA747D9E0F9514B9006C5449 /* madvertise_ios_sdk_Prefix.pch */,
			);
			name = "Other Sources";
			sourceTree = "<group>";
		};
		5B7682121372BF7A002D29D5 /* test */ = {
			isa = PBXGroup;
			children = (
				5B7682131372BF7A002D29D5 /* Supporting Files */,
			);
			path = test;
			sourceTree = "<group>";
		};
		5B7682131372BF7A002D29D5 /* Supporting Files */ = {
			isa = PBXGroup;
			children = (
				5B7682141372BF7A002D29D5 /* test-Prefix.pch */,
			);
			name = "Supporting Files";
			sourceTree = "<group>";
		};
		5B7682231372BF7A002D29D5 /* testTests */ = {
			isa = PBXGroup;
			children = (
				5B76822A1372BF7A002D29D5 /* testTests.h */,
				5B76822C1372BF7A002D29D5 /* testTests.m */,
				5B7682241372BF7A002D29D5 /* Supporting Files */,
			);
			path = testTests;
			sourceTree = "<group>";
		};
		5B7682241372BF7A002D29D5 /* Supporting Files */ = {
			isa = PBXGroup;
			children = (
				5B7682251372BF7A002D29D5 /* testTests-Info.plist */,
				5B7682261372BF7A002D29D5 /* InfoPlist.strings */,
				5B7682291372BF7A002D29D5 /* testTests-Prefix.pch */,
			);
			name = "Supporting Files";
			sourceTree = "<group>";
		};
/* End PBXGroup section */

/* Begin PBXHeadersBuildPhase section */
		5B76820E1372BF7A002D29D5 /* Headers */ = {
			isa = PBXHeadersBuildPhase;
			buildActionMask = 2147483647;
			files = (
			);
			runOnlyForDeploymentPostprocessing = 0;
		};
/* End PBXHeadersBuildPhase section */

/* Begin PBXNativeTarget section */
		5B76820F1372BF7A002D29D5 /* test */ = {
			isa = PBXNativeTarget;
			buildConfigurationList = 5B7682321372BF7A002D29D5 /* Build configuration list for PBXNativeTarget "test" */;
			buildPhases = (
				5B76820C1372BF7A002D29D5 /* Sources */,
				5B76820D1372BF7A002D29D5 /* Frameworks */,
				5B76820E1372BF7A002D29D5 /* Headers */,
			);
			buildRules = (
			);
			dependencies = (
			);
			name = test;
			productName = test;
			productReference = 5B7682101372BF7A002D29D5 /* libtest.a */;
			productType = "com.apple.product-type.library.static";
		};
		5B7682191372BF7A002D29D5 /* testTests */ = {
			isa = PBXNativeTarget;
			buildConfigurationList = 5B7682331372BF7A002D29D5 /* Build configuration list for PBXNativeTarget "testTests" */;
			buildPhases = (
				5B7682151372BF7A002D29D5 /* Sources */,
				5B7682161372BF7A002D29D5 /* Frameworks */,
				5B7682171372BF7A002D29D5 /* Resources */,
				5B7682181372BF7A002D29D5 /* ShellScript */,
			);
			buildRules = (
			);
			dependencies = (
				5B7682211372BF7A002D29D5 /* PBXTargetDependency */,
			);
			name = testTests;
			productName = testTests;
			productReference = 5B76821A1372BF7A002D29D5 /* testTests.octest */;
			productType = "com.apple.product-type.bundle";
		};
/* End PBXNativeTarget section */

/* Begin PBXProject section */
		0867D690FE84028FC02AAC07 /* Project object */ = {
			isa = PBXProject;
			buildConfigurationList = 1DEB922208733DC00010E9CD /* Build configuration list for PBXProject "madvertise-ios-sdk" */;
			compatibilityVersion = "Xcode 3.1";
			developmentRegion = English;
			hasScannedForEncodings = 1;
			knownRegions = (
				en,
			);
			mainGroup = 0867D691FE84028FC02AAC07 /* madvertise-ios-sdk */;
			productRefGroup = 034768DFFF38A50411DB9C8B /* Products */;
			projectDirPath = "";
			projectRoot = "";
			targets = (
				5B76820F1372BF7A002D29D5 /* test */,
				5B7682191372BF7A002D29D5 /* testTests */,
			);
		};
/* End PBXProject section */

/* Begin PBXResourcesBuildPhase section */
		5B7682171372BF7A002D29D5 /* Resources */ = {
			isa = PBXResourcesBuildPhase;
			buildActionMask = 2147483647;
			files = (
				5B7682281372BF7A002D29D5 /* InfoPlist.strings in Resources */,
				5B76822B1372BF7A002D29D5 /* testTests.h in Resources */,
			);
			runOnlyForDeploymentPostprocessing = 0;
		};
/* End PBXResourcesBuildPhase section */

/* Begin PBXShellScriptBuildPhase section */
		5B7682181372BF7A002D29D5 /* ShellScript */ = {
			isa = PBXShellScriptBuildPhase;
			buildActionMask = 2147483647;
			files = (
			);
			inputPaths = (
			);
			outputPaths = (
			);
			runOnlyForDeploymentPostprocessing = 0;
			shellPath = /bin/sh;
			shellScript = "# Run the unit tests in this test bundle.\n\"${SYSTEM_DEVELOPER_DIR}/Tools/RunUnitTests\"\n";
		};
/* End PBXShellScriptBuildPhase section */

/* Begin PBXSourcesBuildPhase section */
		5B76820C1372BF7A002D29D5 /* Sources */ = {
			isa = PBXSourcesBuildPhase;
			buildActionMask = 2147483647;
			files = (
			);
			runOnlyForDeploymentPostprocessing = 0;
		};
		5B7682151372BF7A002D29D5 /* Sources */ = {
			isa = PBXSourcesBuildPhase;
			buildActionMask = 2147483647;
			files = (
				5B76822D1372BF7A002D29D5 /* testTests.m in Sources */,
			);
			runOnlyForDeploymentPostprocessing = 0;
		};
/* End PBXSourcesBuildPhase section */

/* Begin PBXTargetDependency section */
		5B7682211372BF7A002D29D5 /* PBXTargetDependency */ = {
			isa = PBXTargetDependency;
			target = 5B76820F1372BF7A002D29D5 /* test */;
			targetProxy = 5B7682201372BF7A002D29D5 /* PBXContainerItemProxy */;
		};
/* End PBXTargetDependency section */

/* Begin PBXVariantGroup section */
		5B7682261372BF7A002D29D5 /* InfoPlist.strings */ = {
			isa = PBXVariantGroup;
			children = (
				5B7682271372BF7A002D29D5 /* en */,
			);
			name = InfoPlist.strings;
			sourceTree = "<group>";
		};
/* End PBXVariantGroup section */

/* Begin XCBuildConfiguration section */
		1DEB922308733DC00010E9CD /* Debug */ = {
			isa = XCBuildConfiguration;
			buildSettings = {
				ARCHS = "$(ARCHS_STANDARD_32_BIT)";
				GCC_C_LANGUAGE_STANDARD = c99;
				GCC_OPTIMIZATION_LEVEL = 0;
				GCC_WARN_ABOUT_RETURN_TYPE = YES;
				GCC_WARN_UNUSED_VARIABLE = YES;
				OTHER_LDFLAGS = "-ObjC";
				PREBINDING = NO;
				SDKROOT = iphoneos4.0;
			};
			name = Debug;
		};
		1DEB922408733DC00010E9CD /* Release */ = {
			isa = XCBuildConfiguration;
			buildSettings = {
				ARCHS = "$(ARCHS_STANDARD_32_BIT)";
				GCC_C_LANGUAGE_STANDARD = c99;
				GCC_WARN_ABOUT_RETURN_TYPE = YES;
				GCC_WARN_UNUSED_VARIABLE = YES;
				OTHER_LDFLAGS = "-ObjC";
				PREBINDING = NO;
				SDKROOT = iphoneos4.0;
			};
			name = Release;
		};
		5B76822E1372BF7A002D29D5 /* Debug */ = {
			isa = XCBuildConfiguration;
			buildSettings = {
				ALWAYS_SEARCH_USER_PATHS = NO;
				DSTROOT = /tmp/test.dst;
				GCC_C_LANGUAGE_STANDARD = gnu99;
				GCC_PRECOMPILE_PREFIX_HEADER = YES;
				GCC_PREFIX_HEADER = "test/test-Prefix.pch";
				GCC_PREPROCESSOR_DEFINITIONS = DEBUG;
				GCC_SYMBOLS_PRIVATE_EXTERN = NO;
				GCC_VERSION = com.apple.compilers.llvmgcc42;
				IPHONEOS_DEPLOYMENT_TARGET = 4.3;
				OTHER_LDFLAGS = "-ObjC";
				PRODUCT_NAME = "$(TARGET_NAME)";
				SDKROOT = iphoneos;
			};
			name = Debug;
		};
		5B76822F1372BF7A002D29D5 /* Release */ = {
			isa = XCBuildConfiguration;
			buildSettings = {
				ALWAYS_SEARCH_USER_PATHS = NO;
				DSTROOT = /tmp/test.dst;
				GCC_C_LANGUAGE_STANDARD = gnu99;
				GCC_PRECOMPILE_PREFIX_HEADER = YES;
				GCC_PREFIX_HEADER = "test/test-Prefix.pch";
				GCC_VERSION = com.apple.compilers.llvmgcc42;
				IPHONEOS_DEPLOYMENT_TARGET = 4.3;
				OTHER_LDFLAGS = "-ObjC";
				PRODUCT_NAME = "$(TARGET_NAME)";
				SDKROOT = iphoneos;
			};
			name = Release;
		};
		5B7682301372BF7A002D29D5 /* Debug */ = {
			isa = XCBuildConfiguration;
			buildSettings = {
				ALWAYS_SEARCH_USER_PATHS = NO;
				FRAMEWORK_SEARCH_PATHS = (
					"$(SDKROOT)/Developer/Library/Frameworks",
					"$(DEVELOPER_LIBRARY_DIR)/Frameworks",
				);
				GCC_C_LANGUAGE_STANDARD = gnu99;
				GCC_PRECOMPILE_PREFIX_HEADER = YES;
				GCC_PREFIX_HEADER = "testTests/testTests-Prefix.pch";
				GCC_PREPROCESSOR_DEFINITIONS = DEBUG;
				GCC_SYMBOLS_PRIVATE_EXTERN = NO;
				GCC_VERSION = com.apple.compilers.llvmgcc42;
				INFOPLIST_FILE = "testTests/testTests-Info.plist";
				IPHONEOS_DEPLOYMENT_TARGET = 4.3;
				OTHER_LDFLAGS = (
					"-framework",
					SenTestingKit,
				);
				PRODUCT_NAME = "$(TARGET_NAME)";
				SDKROOT = iphoneos;
				WRAPPER_EXTENSION = octest;
			};
			name = Debug;
		};
		5B7682311372BF7A002D29D5 /* Release */ = {
			isa = XCBuildConfiguration;
			buildSettings = {
				ALWAYS_SEARCH_USER_PATHS = NO;
				FRAMEWORK_SEARCH_PATHS = (
					"$(SDKROOT)/Developer/Library/Frameworks",
					"$(DEVELOPER_LIBRARY_DIR)/Frameworks",
				);
				GCC_C_LANGUAGE_STANDARD = gnu99;
				GCC_PRECOMPILE_PREFIX_HEADER = YES;
				GCC_PREFIX_HEADER = "testTests/testTests-Prefix.pch";
				GCC_VERSION = com.apple.compilers.llvmgcc42;
				INFOPLIST_FILE = "testTests/testTests-Info.plist";
				IPHONEOS_DEPLOYMENT_TARGET = 4.3;
				OTHER_LDFLAGS = (
					"-framework",
					SenTestingKit,
				);
				PRODUCT_NAME = "$(TARGET_NAME)";
				SDKROOT = iphoneos;
				WRAPPER_EXTENSION = octest;
			};
			name = Release;
		};
/* End XCBuildConfiguration section */

/* Begin XCConfigurationList section */
		1DEB922208733DC00010E9CD /* Build configuration list for PBXProject "madvertise-ios-sdk" */ = {
			isa = XCConfigurationList;
			buildConfigurations = (
				1DEB922308733DC00010E9CD /* Debug */,
				1DEB922408733DC00010E9CD /* Release */,
			);
			defaultConfigurationIsVisible = 0;
			defaultConfigurationName = Release;
		};
		5B7682321372BF7A002D29D5 /* Build configuration list for PBXNativeTarget "test" */ = {
			isa = XCConfigurationList;
			buildConfigurations = (
				5B76822E1372BF7A002D29D5 /* Debug */,
				5B76822F1372BF7A002D29D5 /* Release */,
			);
			defaultConfigurationIsVisible = 0;
		};
		5B7682331372BF7A002D29D5 /* Build configuration list for PBXNativeTarget "testTests" */ = {
			isa = XCConfigurationList;
			buildConfigurations = (
				5B7682301372BF7A002D29D5 /* Debug */,
				5B7682311372BF7A002D29D5 /* Release */,
			);
			defaultConfigurationIsVisible = 0;
		};
/* End XCConfigurationList section */
	};
	rootObject = 0867D690FE84028FC02AAC07 /* Project object */;
}
