// !$*UTF8*$!
{
	archiveVersion = 1;
	classes = {
	};
	objectVersion = 46;
	objects = {

/* Begin PBXBuildFile section */
		5B4E248813F0323700F67F5A /* Foundation.framework in Frameworks */ = {isa = PBXBuildFile; fileRef = 5B0A658013EFEA7B0032A2DD /* Foundation.framework */; };
		5B63957013F40F4E003D95AF /* MadvertiseAd.h in Headers */ = {isa = PBXBuildFile; fileRef = 5B63956C13F40F4E003D95AF /* MadvertiseAd.h */; };
		5B63957213F40F4E003D95AF /* MadvertiseTracker.h in Headers */ = {isa = PBXBuildFile; fileRef = 5B63956E13F40F4E003D95AF /* MadvertiseTracker.h */; };
		5B63957613F40F58003D95AF /* MadvertiseUtilities.h in Headers */ = {isa = PBXBuildFile; fileRef = 5B63957413F40F57003D95AF /* MadvertiseUtilities.h */; };
		5B6395A813F411F4003D95AF /* MadvertiseView.h in Headers */ = {isa = PBXBuildFile; fileRef = 5B6395A413F411F4003D95AF /* MadvertiseView.h */; };
		5B6395AA13F411F4003D95AF /* MadvertiseTextAdView.h in Headers */ = {isa = PBXBuildFile; fileRef = 5B6395A613F411F4003D95AF /* MadvertiseTextAdView.h */; };
		5B6395AD13F41205003D95AF /* MadvertiseView.m in Sources */ = {isa = PBXBuildFile; fileRef = 5B6395A513F411F4003D95AF /* MadvertiseView.m */; };
		5B6395AF13F41205003D95AF /* MadvertiseTextAdView.m in Sources */ = {isa = PBXBuildFile; fileRef = 5B6395A713F411F4003D95AF /* MadvertiseTextAdView.m */; };
		5B6395B113F41205003D95AF /* MadvertiseUtilities.m in Sources */ = {isa = PBXBuildFile; fileRef = 5B63957513F40F58003D95AF /* MadvertiseUtilities.m */; };
		5B6395B313F41205003D95AF /* MadvertiseAd.m in Sources */ = {isa = PBXBuildFile; fileRef = 5B63956D13F40F4E003D95AF /* MadvertiseAd.m */; };
		5B6395B513F41205003D95AF /* MadvertiseTracker.m in Sources */ = {isa = PBXBuildFile; fileRef = 5B63956F13F40F4E003D95AF /* MadvertiseTracker.m */; };
		5B6395B713F41205003D95AF /* InAppLandingPageController.m in Sources */ = {isa = PBXBuildFile; fileRef = 5B0A65C413F00B660032A2DD /* InAppLandingPageController.m */; };
		5B6395BA13F41205003D95AF /* CDataScanner.m in Sources */ = {isa = PBXBuildFile; fileRef = 5B0A65D113F00B660032A2DD /* CDataScanner.m */; };
		5B6395BC13F41205003D95AF /* CDataScanner_Extensions.m in Sources */ = {isa = PBXBuildFile; fileRef = 5B0A65D413F00B660032A2DD /* CDataScanner_Extensions.m */; };
		5B6395BE13F41205003D95AF /* NSCharacterSet_Extensions.m in Sources */ = {isa = PBXBuildFile; fileRef = 5B0A65D613F00B660032A2DD /* NSCharacterSet_Extensions.m */; };
		5B6395C013F41205003D95AF /* NSDictionary_JSONExtensions.m in Sources */ = {isa = PBXBuildFile; fileRef = 5B0A65D813F00B660032A2DD /* NSDictionary_JSONExtensions.m */; };
		5B6395C213F41205003D95AF /* NSScanner_Extensions.m in Sources */ = {isa = PBXBuildFile; fileRef = 5B0A65DA13F00B660032A2DD /* NSScanner_Extensions.m */; };
		5B6395C413F41205003D95AF /* CJSONDataSerializer.m in Sources */ = {isa = PBXBuildFile; fileRef = 5B0A65DD13F00B660032A2DD /* CJSONDataSerializer.m */; };
		5B6395C613F41205003D95AF /* CJSONDeserializer.m in Sources */ = {isa = PBXBuildFile; fileRef = 5B0A65DF13F00B660032A2DD /* CJSONDeserializer.m */; };
		5B6395C813F41205003D95AF /* CJSONScanner.m in Sources */ = {isa = PBXBuildFile; fileRef = 5B0A65E113F00B660032A2DD /* CJSONScanner.m */; };
		5B6395CA13F41205003D95AF /* CJSONSerializer.m in Sources */ = {isa = PBXBuildFile; fileRef = 5B0A65E313F00B660032A2DD /* CJSONSerializer.m */; };
		5B6395CC13F41205003D95AF /* CSerializedJSONData.m in Sources */ = {isa = PBXBuildFile; fileRef = 5B0A65E513F00B660032A2DD /* CSerializedJSONData.m */; };
/* End PBXBuildFile section */

/* Begin PBXFileReference section */
		5B0A658013EFEA7B0032A2DD /* Foundation.framework */ = {isa = PBXFileReference; lastKnownFileType = wrapper.framework; name = Foundation.framework; path = System/Library/Frameworks/Foundation.framework; sourceTree = SDKROOT; };
		5B0A65C313F00B660032A2DD /* InAppLandingPageController.h */ = {isa = PBXFileReference; fileEncoding = 4; lastKnownFileType = sourcecode.c.h; path = InAppLandingPageController.h; sourceTree = "<group>"; };
		5B0A65C413F00B660032A2DD /* InAppLandingPageController.m */ = {isa = PBXFileReference; fileEncoding = 4; lastKnownFileType = sourcecode.c.objc; path = InAppLandingPageController.m; sourceTree = "<group>"; };
		5B0A65C913F00B660032A2DD /* MadvertiseDelegationProtocol.h */ = {isa = PBXFileReference; fileEncoding = 4; lastKnownFileType = sourcecode.c.h; path = MadvertiseDelegationProtocol.h; sourceTree = "<group>"; };
		5B0A65D013F00B660032A2DD /* CDataScanner.h */ = {isa = PBXFileReference; fileEncoding = 4; lastKnownFileType = sourcecode.c.h; path = CDataScanner.h; sourceTree = "<group>"; };
		5B0A65D113F00B660032A2DD /* CDataScanner.m */ = {isa = PBXFileReference; fileEncoding = 4; lastKnownFileType = sourcecode.c.objc; path = CDataScanner.m; sourceTree = "<group>"; };
		5B0A65D313F00B660032A2DD /* CDataScanner_Extensions.h */ = {isa = PBXFileReference; fileEncoding = 4; lastKnownFileType = sourcecode.c.h; path = CDataScanner_Extensions.h; sourceTree = "<group>"; };
		5B0A65D413F00B660032A2DD /* CDataScanner_Extensions.m */ = {isa = PBXFileReference; fileEncoding = 4; lastKnownFileType = sourcecode.c.objc; path = CDataScanner_Extensions.m; sourceTree = "<group>"; };
		5B0A65D513F00B660032A2DD /* NSCharacterSet_Extensions.h */ = {isa = PBXFileReference; fileEncoding = 4; lastKnownFileType = sourcecode.c.h; path = NSCharacterSet_Extensions.h; sourceTree = "<group>"; };
		5B0A65D613F00B660032A2DD /* NSCharacterSet_Extensions.m */ = {isa = PBXFileReference; fileEncoding = 4; lastKnownFileType = sourcecode.c.objc; path = NSCharacterSet_Extensions.m; sourceTree = "<group>"; };
		5B0A65D713F00B660032A2DD /* NSDictionary_JSONExtensions.h */ = {isa = PBXFileReference; fileEncoding = 4; lastKnownFileType = sourcecode.c.h; path = NSDictionary_JSONExtensions.h; sourceTree = "<group>"; };
		5B0A65D813F00B660032A2DD /* NSDictionary_JSONExtensions.m */ = {isa = PBXFileReference; fileEncoding = 4; lastKnownFileType = sourcecode.c.objc; path = NSDictionary_JSONExtensions.m; sourceTree = "<group>"; };
		5B0A65D913F00B660032A2DD /* NSScanner_Extensions.h */ = {isa = PBXFileReference; fileEncoding = 4; lastKnownFileType = sourcecode.c.h; path = NSScanner_Extensions.h; sourceTree = "<group>"; };
		5B0A65DA13F00B660032A2DD /* NSScanner_Extensions.m */ = {isa = PBXFileReference; fileEncoding = 4; lastKnownFileType = sourcecode.c.objc; path = NSScanner_Extensions.m; sourceTree = "<group>"; };
		5B0A65DC13F00B660032A2DD /* CJSONDataSerializer.h */ = {isa = PBXFileReference; fileEncoding = 4; lastKnownFileType = sourcecode.c.h; path = CJSONDataSerializer.h; sourceTree = "<group>"; };
		5B0A65DD13F00B660032A2DD /* CJSONDataSerializer.m */ = {isa = PBXFileReference; fileEncoding = 4; lastKnownFileType = sourcecode.c.objc; path = CJSONDataSerializer.m; sourceTree = "<group>"; };
		5B0A65DE13F00B660032A2DD /* CJSONDeserializer.h */ = {isa = PBXFileReference; fileEncoding = 4; lastKnownFileType = sourcecode.c.h; path = CJSONDeserializer.h; sourceTree = "<group>"; };
		5B0A65DF13F00B660032A2DD /* CJSONDeserializer.m */ = {isa = PBXFileReference; fileEncoding = 4; lastKnownFileType = sourcecode.c.objc; path = CJSONDeserializer.m; sourceTree = "<group>"; };
		5B0A65E013F00B660032A2DD /* CJSONScanner.h */ = {isa = PBXFileReference; fileEncoding = 4; lastKnownFileType = sourcecode.c.h; path = CJSONScanner.h; sourceTree = "<group>"; };
		5B0A65E113F00B660032A2DD /* CJSONScanner.m */ = {isa = PBXFileReference; fileEncoding = 4; lastKnownFileType = sourcecode.c.objc; path = CJSONScanner.m; sourceTree = "<group>"; };
		5B0A65E213F00B660032A2DD /* CJSONSerializer.h */ = {isa = PBXFileReference; fileEncoding = 4; lastKnownFileType = sourcecode.c.h; path = CJSONSerializer.h; sourceTree = "<group>"; };
		5B0A65E313F00B660032A2DD /* CJSONSerializer.m */ = {isa = PBXFileReference; fileEncoding = 4; lastKnownFileType = sourcecode.c.objc; path = CJSONSerializer.m; sourceTree = "<group>"; };
		5B0A65E413F00B660032A2DD /* CSerializedJSONData.h */ = {isa = PBXFileReference; fileEncoding = 4; lastKnownFileType = sourcecode.c.h; path = CSerializedJSONData.h; sourceTree = "<group>"; };
		5B0A65E513F00B660032A2DD /* CSerializedJSONData.m */ = {isa = PBXFileReference; fileEncoding = 4; lastKnownFileType = sourcecode.c.objc; path = CSerializedJSONData.m; sourceTree = "<group>"; };
		5B4E248713F0323700F67F5A /* libmadvertise-ios-sdk.a */ = {isa = PBXFileReference; explicitFileType = archive.ar; includeInIndex = 0; path = "libmadvertise-ios-sdk.a"; sourceTree = BUILT_PRODUCTS_DIR; };
		5B63956C13F40F4E003D95AF /* MadvertiseAd.h */ = {isa = PBXFileReference; fileEncoding = 4; lastKnownFileType = sourcecode.c.h; path = MadvertiseAd.h; sourceTree = "<group>"; };
		5B63956D13F40F4E003D95AF /* MadvertiseAd.m */ = {isa = PBXFileReference; fileEncoding = 4; lastKnownFileType = sourcecode.c.objc; path = MadvertiseAd.m; sourceTree = "<group>"; };
		5B63956E13F40F4E003D95AF /* MadvertiseTracker.h */ = {isa = PBXFileReference; fileEncoding = 4; lastKnownFileType = sourcecode.c.h; path = MadvertiseTracker.h; sourceTree = "<group>"; };
		5B63956F13F40F4E003D95AF /* MadvertiseTracker.m */ = {isa = PBXFileReference; fileEncoding = 4; lastKnownFileType = sourcecode.c.objc; path = MadvertiseTracker.m; sourceTree = "<group>"; };
		5B63957413F40F57003D95AF /* MadvertiseUtilities.h */ = {isa = PBXFileReference; fileEncoding = 4; lastKnownFileType = sourcecode.c.h; path = MadvertiseUtilities.h; sourceTree = "<group>"; };
		5B63957513F40F58003D95AF /* MadvertiseUtilities.m */ = {isa = PBXFileReference; fileEncoding = 4; lastKnownFileType = sourcecode.c.objc; path = MadvertiseUtilities.m; sourceTree = "<group>"; };
		5B6395A413F411F4003D95AF /* MadvertiseView.h */ = {isa = PBXFileReference; fileEncoding = 4; lastKnownFileType = sourcecode.c.h; path = MadvertiseView.h; sourceTree = "<group>"; };
		5B6395A513F411F4003D95AF /* MadvertiseView.m */ = {isa = PBXFileReference; fileEncoding = 4; lastKnownFileType = sourcecode.c.objc; path = MadvertiseView.m; sourceTree = "<group>"; };
		5B6395A613F411F4003D95AF /* MadvertiseTextAdView.h */ = {isa = PBXFileReference; fileEncoding = 4; lastKnownFileType = sourcecode.c.h; path = MadvertiseTextAdView.h; sourceTree = "<group>"; };
		5B6395A713F411F4003D95AF /* MadvertiseTextAdView.m */ = {isa = PBXFileReference; fileEncoding = 4; lastKnownFileType = sourcecode.c.objc; path = MadvertiseTextAdView.m; sourceTree = "<group>"; };
/* End PBXFileReference section */

/* Begin PBXFrameworksBuildPhase section */
		5B4E248413F0323700F67F5A /* Frameworks */ = {
			isa = PBXFrameworksBuildPhase;
			buildActionMask = 2147483647;
			files = (
				5B4E248813F0323700F67F5A /* Foundation.framework in Frameworks */,
			);
			runOnlyForDeploymentPostprocessing = 0;
		};
/* End PBXFrameworksBuildPhase section */

/* Begin PBXGroup section */
		5B0A657213EFEA7B0032A2DD = {
			isa = PBXGroup;
			children = (
				5B0A658213EFEA7B0032A2DD /* madvertise-ios-sdk */,
				5B0A657F13EFEA7B0032A2DD /* Frameworks */,
				5B0A657E13EFEA7B0032A2DD /* Products */,
			);
			sourceTree = "<group>";
		};
		5B0A657E13EFEA7B0032A2DD /* Products */ = {
			isa = PBXGroup;
			children = (
				5B4E248713F0323700F67F5A /* libmadvertise-ios-sdk.a */,
			);
			name = Products;
			sourceTree = "<group>";
		};
		5B0A657F13EFEA7B0032A2DD /* Frameworks */ = {
			isa = PBXGroup;
			children = (
				5B0A658013EFEA7B0032A2DD /* Foundation.framework */,
			);
			name = Frameworks;
			sourceTree = "<group>";
		};
		5B0A658213EFEA7B0032A2DD /* madvertise-ios-sdk */ = {
			isa = PBXGroup;
			children = (
				5B0A65B813F00B660032A2DD /* madvertise */,
				5B0A65CF13F00B660032A2DD /* TouchJSON */,
			);
			path = "madvertise-ios-sdk";
			sourceTree = "<group>";
		};
		5B0A65B813F00B660032A2DD /* madvertise */ = {
			isa = PBXGroup;
			children = (
				5B6395A413F411F4003D95AF /* MadvertiseView.h */,
				5B6395A513F411F4003D95AF /* MadvertiseView.m */,
				5B6395A613F411F4003D95AF /* MadvertiseTextAdView.h */,
				5B6395A713F411F4003D95AF /* MadvertiseTextAdView.m */,
				5B63957413F40F57003D95AF /* MadvertiseUtilities.h */,
				5B63957513F40F58003D95AF /* MadvertiseUtilities.m */,
				5B63956C13F40F4E003D95AF /* MadvertiseAd.h */,
				5B63956D13F40F4E003D95AF /* MadvertiseAd.m */,
				5B63956E13F40F4E003D95AF /* MadvertiseTracker.h */,
				5B63956F13F40F4E003D95AF /* MadvertiseTracker.m */,
				5B0A65C313F00B660032A2DD /* InAppLandingPageController.h */,
				5B0A65C413F00B660032A2DD /* InAppLandingPageController.m */,
				5B0A65C913F00B660032A2DD /* MadvertiseDelegationProtocol.h */,
			);
			path = madvertise;
			sourceTree = SOURCE_ROOT;
		};
		5B0A65CF13F00B660032A2DD /* TouchJSON */ = {
			isa = PBXGroup;
			children = (
				5B0A65D013F00B660032A2DD /* CDataScanner.h */,
				5B0A65D113F00B660032A2DD /* CDataScanner.m */,
				5B0A65D213F00B660032A2DD /* Extensions */,
				5B0A65DB13F00B660032A2DD /* JSON */,
			);
			path = TouchJSON;
			sourceTree = SOURCE_ROOT;
		};
		5B0A65D213F00B660032A2DD /* Extensions */ = {
			isa = PBXGroup;
			children = (
				5B0A65D313F00B660032A2DD /* CDataScanner_Extensions.h */,
				5B0A65D413F00B660032A2DD /* CDataScanner_Extensions.m */,
				5B0A65D513F00B660032A2DD /* NSCharacterSet_Extensions.h */,
				5B0A65D613F00B660032A2DD /* NSCharacterSet_Extensions.m */,
				5B0A65D713F00B660032A2DD /* NSDictionary_JSONExtensions.h */,
				5B0A65D813F00B660032A2DD /* NSDictionary_JSONExtensions.m */,
				5B0A65D913F00B660032A2DD /* NSScanner_Extensions.h */,
				5B0A65DA13F00B660032A2DD /* NSScanner_Extensions.m */,
			);
			path = Extensions;
			sourceTree = "<group>";
		};
		5B0A65DB13F00B660032A2DD /* JSON */ = {
			isa = PBXGroup;
			children = (
				5B0A65DC13F00B660032A2DD /* CJSONDataSerializer.h */,
				5B0A65DD13F00B660032A2DD /* CJSONDataSerializer.m */,
				5B0A65DE13F00B660032A2DD /* CJSONDeserializer.h */,
				5B0A65DF13F00B660032A2DD /* CJSONDeserializer.m */,
				5B0A65E013F00B660032A2DD /* CJSONScanner.h */,
				5B0A65E113F00B660032A2DD /* CJSONScanner.m */,
				5B0A65E213F00B660032A2DD /* CJSONSerializer.h */,
				5B0A65E313F00B660032A2DD /* CJSONSerializer.m */,
				5B0A65E413F00B660032A2DD /* CSerializedJSONData.h */,
				5B0A65E513F00B660032A2DD /* CSerializedJSONData.m */,
			);
			path = JSON;
			sourceTree = "<group>";
		};
/* End PBXGroup section */

/* Begin PBXHeadersBuildPhase section */
		5B4E248513F0323700F67F5A /* Headers */ = {
			isa = PBXHeadersBuildPhase;
			buildActionMask = 2147483647;
			files = (
				5B63957013F40F4E003D95AF /* MadvertiseAd.h in Headers */,
				5B63957213F40F4E003D95AF /* MadvertiseTracker.h in Headers */,
				5B63957613F40F58003D95AF /* MadvertiseUtilities.h in Headers */,
				5B6395A813F411F4003D95AF /* MadvertiseView.h in Headers */,
				5B6395AA13F411F4003D95AF /* MadvertiseTextAdView.h in Headers */,
			);
			runOnlyForDeploymentPostprocessing = 0;
		};
/* End PBXHeadersBuildPhase section */

/* Begin PBXNativeTarget section */
		5B4E248613F0323700F67F5A /* madvertise-ios-sdk */ = {
			isa = PBXNativeTarget;
			buildConfigurationList = 5B4E248F13F0323700F67F5A /* Build configuration list for PBXNativeTarget "madvertise-ios-sdk" */;
			buildPhases = (
				5B4E248313F0323700F67F5A /* Sources */,
				5B4E248413F0323700F67F5A /* Frameworks */,
				5B4E248513F0323700F67F5A /* Headers */,
			);
			buildRules = (
			);
			dependencies = (
			);
			name = "madvertise-ios-sdk";
			productName = "madvertise-ios-sdk";
			productReference = 5B4E248713F0323700F67F5A /* libmadvertise-ios-sdk.a */;
			productType = "com.apple.product-type.library.static";
		};
/* End PBXNativeTarget section */

/* Begin PBXProject section */
		5B0A657413EFEA7B0032A2DD /* Project object */ = {
			isa = PBXProject;
			attributes = {
				ORGANIZATIONNAME = "madvertise GmbH";
			};
			buildConfigurationList = 5B0A657713EFEA7B0032A2DD /* Build configuration list for PBXProject "madvertise-ios-sdk" */;
			compatibilityVersion = "Xcode 3.2";
			developmentRegion = English;
			hasScannedForEncodings = 0;
			knownRegions = (
				en,
			);
			mainGroup = 5B0A657213EFEA7B0032A2DD;
			productRefGroup = 5B0A657E13EFEA7B0032A2DD /* Products */;
			projectDirPath = "";
			projectRoot = "";
			targets = (
				5B4E248613F0323700F67F5A /* madvertise-ios-sdk */,
			);
		};
/* End PBXProject section */

/* Begin PBXSourcesBuildPhase section */
		5B4E248313F0323700F67F5A /* Sources */ = {
			isa = PBXSourcesBuildPhase;
			buildActionMask = 2147483647;
			files = (
				5B6395AD13F41205003D95AF /* MadvertiseView.m in Sources */,
				5B6395AF13F41205003D95AF /* MadvertiseTextAdView.m in Sources */,
				5B6395B113F41205003D95AF /* MadvertiseUtilities.m in Sources */,
				5B6395B313F41205003D95AF /* MadvertiseAd.m in Sources */,
				5B6395B513F41205003D95AF /* MadvertiseTracker.m in Sources */,
				5B6395B713F41205003D95AF /* InAppLandingPageController.m in Sources */,
				5B6395BA13F41205003D95AF /* CDataScanner.m in Sources */,
				5B6395BC13F41205003D95AF /* CDataScanner_Extensions.m in Sources */,
				5B6395BE13F41205003D95AF /* NSCharacterSet_Extensions.m in Sources */,
				5B6395C013F41205003D95AF /* NSDictionary_JSONExtensions.m in Sources */,
				5B6395C213F41205003D95AF /* NSScanner_Extensions.m in Sources */,
				5B6395C413F41205003D95AF /* CJSONDataSerializer.m in Sources */,
				5B6395C613F41205003D95AF /* CJSONDeserializer.m in Sources */,
				5B6395C813F41205003D95AF /* CJSONScanner.m in Sources */,
				5B6395CA13F41205003D95AF /* CJSONSerializer.m in Sources */,
				5B6395CC13F41205003D95AF /* CSerializedJSONData.m in Sources */,
			);
			runOnlyForDeploymentPostprocessing = 0;
		};
/* End PBXSourcesBuildPhase section */

/* Begin XCBuildConfiguration section */
		5B0A658813EFEA7B0032A2DD /* Debug */ = {
			isa = XCBuildConfiguration;
			buildSettings = {
				ALWAYS_SEARCH_USER_PATHS = NO;
				ARCHS = "$(ARCHS_STANDARD_32_BIT)";
				COPY_PHASE_STRIP = NO;
				GCC_C_LANGUAGE_STANDARD = gnu99;
				GCC_DYNAMIC_NO_PIC = NO;
				GCC_OPTIMIZATION_LEVEL = 0;
				GCC_PREPROCESSOR_DEFINITIONS = (
					"DEBUG=1",
					"$(inherited)",
				);
				GCC_SYMBOLS_PRIVATE_EXTERN = NO;
				GCC_VERSION = com.apple.compilers.llvmgcc42;
				GCC_WARN_ABOUT_MISSING_PROTOTYPES = YES;
				GCC_WARN_ABOUT_RETURN_TYPE = YES;
				GCC_WARN_UNUSED_VARIABLE = YES;
				IPHONEOS_DEPLOYMENT_TARGET = 4.3;
				RUN_CLANG_STATIC_ANALYZER = YES;
				SDKROOT = iphoneos;
			};
			name = Debug;
		};
		5B0A658913EFEA7B0032A2DD /* Release */ = {
			isa = XCBuildConfiguration;
			buildSettings = {
				ALWAYS_SEARCH_USER_PATHS = NO;
				ARCHS = "$(ARCHS_STANDARD_32_BIT)";
				COPY_PHASE_STRIP = YES;
				GCC_C_LANGUAGE_STANDARD = gnu99;
				GCC_VERSION = com.apple.compilers.llvmgcc42;
				GCC_WARN_ABOUT_MISSING_PROTOTYPES = YES;
				GCC_WARN_ABOUT_RETURN_TYPE = YES;
				GCC_WARN_UNUSED_VARIABLE = YES;
				IPHONEOS_DEPLOYMENT_TARGET = 4.3;
				RUN_CLANG_STATIC_ANALYZER = YES;
				SDKROOT = iphoneos;
				VALIDATE_PRODUCT = YES;
			};
			name = Release;
		};
		5B4E249013F0323700F67F5A /* Debug */ = {
			isa = XCBuildConfiguration;
			buildSettings = {
				DSTROOT = /tmp/madvertise_ios_sdk.dst;
				GCC_PRECOMPILE_PREFIX_HEADER = NO;
				GCC_PREFIX_HEADER = "";
				OTHER_LDFLAGS = "-ObjC";
				PRODUCT_NAME = "$(TARGET_NAME)";
				SKIP_INSTALL = YES;
				TARGETED_DEVICE_FAMILY = "1,2";
			};
			name = Debug;
		};
		5B4E249113F0323700F67F5A /* Release */ = {
			isa = XCBuildConfiguration;
			buildSettings = {
				DSTROOT = /tmp/madvertise_ios_sdk.dst;
				GCC_PRECOMPILE_PREFIX_HEADER = NO;
				GCC_PREFIX_HEADER = "";
				OTHER_LDFLAGS = "-ObjC";
				PRODUCT_NAME = "$(TARGET_NAME)";
				SKIP_INSTALL = YES;
				TARGETED_DEVICE_FAMILY = "1,2";
			};
			name = Release;
		};
/* End XCBuildConfiguration section */

/* Begin XCConfigurationList section */
		5B0A657713EFEA7B0032A2DD /* Build configuration list for PBXProject "madvertise-ios-sdk" */ = {
			isa = XCConfigurationList;
			buildConfigurations = (
				5B0A658813EFEA7B0032A2DD /* Debug */,
				5B0A658913EFEA7B0032A2DD /* Release */,
			);
			defaultConfigurationIsVisible = 0;
			defaultConfigurationName = Release;
		};
		5B4E248F13F0323700F67F5A /* Build configuration list for PBXNativeTarget "madvertise-ios-sdk" */ = {
			isa = XCConfigurationList;
			buildConfigurations = (
				5B4E249013F0323700F67F5A /* Debug */,
				5B4E249113F0323700F67F5A /* Release */,
			);
			defaultConfigurationIsVisible = 0;
			defaultConfigurationName = Release;
		};
/* End XCConfigurationList section */
	};
	rootObject = 5B0A657413EFEA7B0032A2DD /* Project object */;
}
