// !$*UTF8*$!
{
	archiveVersion = 1;
	classes = {
	};
	objectVersion = 45;
	objects = {

/* Begin PBXBuildFile section */
		1D3623260D0F684500981E51 /* AnotherSDKTestAppDelegate.m in Sources */ = {isa = PBXBuildFile; fileRef = 1D3623250D0F684500981E51 /* AnotherSDKTestAppDelegate.m */; };
		1D60589B0D05DD56006BFB54 /* main.m in Sources */ = {isa = PBXBuildFile; fileRef = 29B97316FDCFA39411CA2CEA /* main.m */; };
		1D60589F0D05DD5A006BFB54 /* Foundation.framework in Frameworks */ = {isa = PBXBuildFile; fileRef = 1D30AB110D05D00D00671497 /* Foundation.framework */; };
		1DF5F4E00D08C38300B7A737 /* UIKit.framework in Frameworks */ = {isa = PBXBuildFile; fileRef = 1DF5F4DF0D08C38300B7A737 /* UIKit.framework */; };
		288765A50DF7441C002DB57D /* CoreGraphics.framework in Frameworks */ = {isa = PBXBuildFile; fileRef = 288765A40DF7441C002DB57D /* CoreGraphics.framework */; };
		2899E5220DE3E06400AC0155 /* AnotherSDKTestViewController.xib in Resources */ = {isa = PBXBuildFile; fileRef = 2899E5210DE3E06400AC0155 /* AnotherSDKTestViewController.xib */; };
		28AD733F0D9D9553002E5188 /* MainWindow.xib in Resources */ = {isa = PBXBuildFile; fileRef = 28AD733E0D9D9553002E5188 /* MainWindow.xib */; };
		28D7ACF80DDB3853001CB0EB /* AnotherSDKTestViewController.m in Sources */ = {isa = PBXBuildFile; fileRef = 28D7ACF70DDB3853001CB0EB /* AnotherSDKTestViewController.m */; };
		8E3198AC131E7EF200376903 /* Ad.m in Sources */ = {isa = PBXBuildFile; fileRef = 8E319877131E7EF200376903 /* Ad.m */; };
		8E3198AD131E7EF200376903 /* categories.pbxbtree in Resources */ = {isa = PBXBuildFile; fileRef = 8E31987B131E7EF200376903 /* categories.pbxbtree */; };
		8E3198AE131E7EF200376903 /* cdecls.pbxbtree in Resources */ = {isa = PBXBuildFile; fileRef = 8E31987C131E7EF200376903 /* cdecls.pbxbtree */; };
		8E3198AF131E7EF200376903 /* decls.pbxbtree in Resources */ = {isa = PBXBuildFile; fileRef = 8E31987D131E7EF200376903 /* decls.pbxbtree */; };
		8E3198B0131E7EF200376903 /* files.pbxbtree in Resources */ = {isa = PBXBuildFile; fileRef = 8E31987E131E7EF200376903 /* files.pbxbtree */; };
		8E3198B1131E7EF200376903 /* imports.pbxbtree in Resources */ = {isa = PBXBuildFile; fileRef = 8E31987F131E7EF200376903 /* imports.pbxbtree */; };
		8E3198B2131E7EF200376903 /* pbxindex.header in Resources */ = {isa = PBXBuildFile; fileRef = 8E319880131E7EF200376903 /* pbxindex.header */; };
		8E3198B3131E7EF200376903 /* protocols.pbxbtree in Resources */ = {isa = PBXBuildFile; fileRef = 8E319881131E7EF200376903 /* protocols.pbxbtree */; };
		8E3198B4131E7EF200376903 /* refs.pbxbtree in Resources */ = {isa = PBXBuildFile; fileRef = 8E319882131E7EF200376903 /* refs.pbxbtree */; };
		8E3198B5131E7EF200376903 /* control in Resources */ = {isa = PBXBuildFile; fileRef = 8E319884131E7EF200376903 /* control */; };
		8E3198B6131E7EF200376903 /* strings in Resources */ = {isa = PBXBuildFile; fileRef = 8E319885131E7EF200376903 /* strings */; };
		8E3198B7131E7EF200376903 /* subclasses.pbxbtree in Resources */ = {isa = PBXBuildFile; fileRef = 8E319886131E7EF200376903 /* subclasses.pbxbtree */; };
		8E3198B8131E7EF200376903 /* symbols0.pbxsymbols in Resources */ = {isa = PBXBuildFile; fileRef = 8E319887131E7EF200376903 /* symbols0.pbxsymbols */; };
		8E3198B9131E7EF200376903 /* InAppLandingPageController.m in Sources */ = {isa = PBXBuildFile; fileRef = 8E319889131E7EF200376903 /* InAppLandingPageController.m */; };
		8E3198BA131E7EF200376903 /* MadDebug.m in Sources */ = {isa = PBXBuildFile; fileRef = 8E31988B131E7EF200376903 /* MadDebug.m */; };
		8E3198BB131E7EF200376903 /* MadvertiseView.m in Sources */ = {isa = PBXBuildFile; fileRef = 8E319892131E7EF200376903 /* MadvertiseView.m */; };
		8E3198BC131E7EF200376903 /* TextAdView.m in Sources */ = {isa = PBXBuildFile; fileRef = 8E319894131E7EF200376903 /* TextAdView.m */; };
		8E3198BD131E7EF200376903 /* CDataScanner.m in Sources */ = {isa = PBXBuildFile; fileRef = 8E319897131E7EF200376903 /* CDataScanner.m */; };
		8E3198BE131E7EF200376903 /* CDataScanner_Extensions.m in Sources */ = {isa = PBXBuildFile; fileRef = 8E31989A131E7EF200376903 /* CDataScanner_Extensions.m */; };
		8E3198BF131E7EF200376903 /* NSCharacterSet_Extensions.m in Sources */ = {isa = PBXBuildFile; fileRef = 8E31989C131E7EF200376903 /* NSCharacterSet_Extensions.m */; };
		8E3198C0131E7EF200376903 /* NSDictionary_JSONExtensions.m in Sources */ = {isa = PBXBuildFile; fileRef = 8E31989E131E7EF200376903 /* NSDictionary_JSONExtensions.m */; };
		8E3198C1131E7EF200376903 /* NSScanner_Extensions.m in Sources */ = {isa = PBXBuildFile; fileRef = 8E3198A0131E7EF200376903 /* NSScanner_Extensions.m */; };
		8E3198C2131E7EF200376903 /* CJSONDataSerializer.m in Sources */ = {isa = PBXBuildFile; fileRef = 8E3198A3131E7EF200376903 /* CJSONDataSerializer.m */; };
		8E3198C3131E7EF200376903 /* CJSONDeserializer.m in Sources */ = {isa = PBXBuildFile; fileRef = 8E3198A5131E7EF200376903 /* CJSONDeserializer.m */; };
		8E3198C4131E7EF200376903 /* CJSONScanner.m in Sources */ = {isa = PBXBuildFile; fileRef = 8E3198A7131E7EF200376903 /* CJSONScanner.m */; };
		8E3198C5131E7EF200376903 /* CJSONSerializer.m in Sources */ = {isa = PBXBuildFile; fileRef = 8E3198A9131E7EF200376903 /* CJSONSerializer.m */; };
		8E3198C6131E7EF200376903 /* CSerializedJSONData.m in Sources */ = {isa = PBXBuildFile; fileRef = 8E3198AB131E7EF200376903 /* CSerializedJSONData.m */; };
		8E695F3E128ADDED00169D1C /* QuartzCore.framework in Frameworks */ = {isa = PBXBuildFile; fileRef = 8E695F3D128ADDED00169D1C /* QuartzCore.framework */; };
		8E7D41CA128D84EA00B6FF53 /* TestDelegate.m in Sources */ = {isa = PBXBuildFile; fileRef = 8E7D41C9128D84EA00B6FF53 /* TestDelegate.m */; };
/* End PBXBuildFile section */

/* Begin PBXFileReference section */
		1D30AB110D05D00D00671497 /* Foundation.framework */ = {isa = PBXFileReference; lastKnownFileType = wrapper.framework; name = Foundation.framework; path = System/Library/Frameworks/Foundation.framework; sourceTree = SDKROOT; };
		1D3623240D0F684500981E51 /* AnotherSDKTestAppDelegate.h */ = {isa = PBXFileReference; fileEncoding = 4; lastKnownFileType = sourcecode.c.h; path = AnotherSDKTestAppDelegate.h; sourceTree = "<group>"; };
		1D3623250D0F684500981E51 /* AnotherSDKTestAppDelegate.m */ = {isa = PBXFileReference; fileEncoding = 4; lastKnownFileType = sourcecode.c.objc; path = AnotherSDKTestAppDelegate.m; sourceTree = "<group>"; };
		1D6058910D05DD3D006BFB54 /* AnotherSDKTest.app */ = {isa = PBXFileReference; explicitFileType = wrapper.application; includeInIndex = 0; path = AnotherSDKTest.app; sourceTree = BUILT_PRODUCTS_DIR; };
		1DF5F4DF0D08C38300B7A737 /* UIKit.framework */ = {isa = PBXFileReference; lastKnownFileType = wrapper.framework; name = UIKit.framework; path = System/Library/Frameworks/UIKit.framework; sourceTree = SDKROOT; };
		288765A40DF7441C002DB57D /* CoreGraphics.framework */ = {isa = PBXFileReference; lastKnownFileType = wrapper.framework; name = CoreGraphics.framework; path = System/Library/Frameworks/CoreGraphics.framework; sourceTree = SDKROOT; };
		2899E5210DE3E06400AC0155 /* AnotherSDKTestViewController.xib */ = {isa = PBXFileReference; lastKnownFileType = file.xib; path = AnotherSDKTestViewController.xib; sourceTree = "<group>"; };
		28AD733E0D9D9553002E5188 /* MainWindow.xib */ = {isa = PBXFileReference; lastKnownFileType = file.xib; path = MainWindow.xib; sourceTree = "<group>"; };
		28D7ACF60DDB3853001CB0EB /* AnotherSDKTestViewController.h */ = {isa = PBXFileReference; fileEncoding = 4; lastKnownFileType = sourcecode.c.h; path = AnotherSDKTestViewController.h; sourceTree = "<group>"; };
		28D7ACF70DDB3853001CB0EB /* AnotherSDKTestViewController.m */ = {isa = PBXFileReference; fileEncoding = 4; lastKnownFileType = sourcecode.c.objc; path = AnotherSDKTestViewController.m; sourceTree = "<group>"; };
		29B97316FDCFA39411CA2CEA /* main.m */ = {isa = PBXFileReference; fileEncoding = 4; lastKnownFileType = sourcecode.c.objc; path = main.m; sourceTree = "<group>"; };
		32CA4F630368D1EE00C91783 /* AnotherSDKTest_Prefix.pch */ = {isa = PBXFileReference; fileEncoding = 4; lastKnownFileType = sourcecode.c.h; path = AnotherSDKTest_Prefix.pch; sourceTree = "<group>"; };
		8D1107310486CEB800E47090 /* AnotherSDKTest-Info.plist */ = {isa = PBXFileReference; fileEncoding = 4; lastKnownFileType = text.plist.xml; path = "AnotherSDKTest-Info.plist"; plistStructureDefinitionIdentifier = "com.apple.xcode.plist.structure-definition.iphone.info-plist"; sourceTree = "<group>"; };
		8E319876131E7EF200376903 /* Ad.h */ = {isa = PBXFileReference; fileEncoding = 4; lastKnownFileType = sourcecode.c.h; path = Ad.h; sourceTree = "<group>"; };
		8E319877131E7EF200376903 /* Ad.m */ = {isa = PBXFileReference; fileEncoding = 4; lastKnownFileType = sourcecode.c.objc; path = Ad.m; sourceTree = "<group>"; };
		8E31987B131E7EF200376903 /* categories.pbxbtree */ = {isa = PBXFileReference; lastKnownFileType = file; path = categories.pbxbtree; sourceTree = "<group>"; };
		8E31987C131E7EF200376903 /* cdecls.pbxbtree */ = {isa = PBXFileReference; lastKnownFileType = file; path = cdecls.pbxbtree; sourceTree = "<group>"; };
		8E31987D131E7EF200376903 /* decls.pbxbtree */ = {isa = PBXFileReference; lastKnownFileType = file; path = decls.pbxbtree; sourceTree = "<group>"; };
		8E31987E131E7EF200376903 /* files.pbxbtree */ = {isa = PBXFileReference; lastKnownFileType = file; path = files.pbxbtree; sourceTree = "<group>"; };
		8E31987F131E7EF200376903 /* imports.pbxbtree */ = {isa = PBXFileReference; lastKnownFileType = file; path = imports.pbxbtree; sourceTree = "<group>"; };
		8E319880131E7EF200376903 /* pbxindex.header */ = {isa = PBXFileReference; lastKnownFileType = file; path = pbxindex.header; sourceTree = "<group>"; };
		8E319881131E7EF200376903 /* protocols.pbxbtree */ = {isa = PBXFileReference; lastKnownFileType = file; path = protocols.pbxbtree; sourceTree = "<group>"; };
		8E319882131E7EF200376903 /* refs.pbxbtree */ = {isa = PBXFileReference; lastKnownFileType = file; path = refs.pbxbtree; sourceTree = "<group>"; };
		8E319884131E7EF200376903 /* control */ = {isa = PBXFileReference; lastKnownFileType = file; path = control; sourceTree = "<group>"; };
		8E319885131E7EF200376903 /* strings */ = {isa = PBXFileReference; lastKnownFileType = file; path = strings; sourceTree = "<group>"; };
		8E319886131E7EF200376903 /* subclasses.pbxbtree */ = {isa = PBXFileReference; lastKnownFileType = file; path = subclasses.pbxbtree; sourceTree = "<group>"; };
		8E319887131E7EF200376903 /* symbols0.pbxsymbols */ = {isa = PBXFileReference; lastKnownFileType = file; path = symbols0.pbxsymbols; sourceTree = "<group>"; };
		8E319888131E7EF200376903 /* InAppLandingPageController.h */ = {isa = PBXFileReference; fileEncoding = 4; lastKnownFileType = sourcecode.c.h; path = InAppLandingPageController.h; sourceTree = "<group>"; };
		8E319889131E7EF200376903 /* InAppLandingPageController.m */ = {isa = PBXFileReference; fileEncoding = 4; lastKnownFileType = sourcecode.c.objc; path = InAppLandingPageController.m; sourceTree = "<group>"; };
		8E31988A131E7EF200376903 /* MadDebug.h */ = {isa = PBXFileReference; fileEncoding = 4; lastKnownFileType = sourcecode.c.h; path = MadDebug.h; sourceTree = "<group>"; };
		8E31988B131E7EF200376903 /* MadDebug.m */ = {isa = PBXFileReference; fileEncoding = 4; lastKnownFileType = sourcecode.c.objc; path = MadDebug.m; sourceTree = "<group>"; };
		8E31988C131E7EF200376903 /* madvertise-ios-sdk.xcodeproj */ = {isa = PBXFileReference; lastKnownFileType = "wrapper.pb-project"; path = "madvertise-ios-sdk.xcodeproj"; sourceTree = "<group>"; };
		8E31988F131E7EF200376903 /* madvertise_ios_sdk_Prefix.pch */ = {isa = PBXFileReference; fileEncoding = 4; lastKnownFileType = sourcecode.c.h; path = madvertise_ios_sdk_Prefix.pch; sourceTree = "<group>"; };
		8E319890131E7EF200376903 /* MadvertiseDelegationProtocol.h */ = {isa = PBXFileReference; fileEncoding = 4; lastKnownFileType = sourcecode.c.h; path = MadvertiseDelegationProtocol.h; sourceTree = "<group>"; };
		8E319891131E7EF200376903 /* MadvertiseView.h */ = {isa = PBXFileReference; fileEncoding = 4; lastKnownFileType = sourcecode.c.h; path = MadvertiseView.h; sourceTree = "<group>"; };
		8E319892131E7EF200376903 /* MadvertiseView.m */ = {isa = PBXFileReference; fileEncoding = 4; lastKnownFileType = sourcecode.c.objc; path = MadvertiseView.m; sourceTree = "<group>"; };
		8E319893131E7EF200376903 /* TextAdView.h */ = {isa = PBXFileReference; fileEncoding = 4; lastKnownFileType = sourcecode.c.h; path = TextAdView.h; sourceTree = "<group>"; };
		8E319894131E7EF200376903 /* TextAdView.m */ = {isa = PBXFileReference; fileEncoding = 4; lastKnownFileType = sourcecode.c.objc; path = TextAdView.m; sourceTree = "<group>"; };
		8E319896131E7EF200376903 /* CDataScanner.h */ = {isa = PBXFileReference; fileEncoding = 4; lastKnownFileType = sourcecode.c.h; path = CDataScanner.h; sourceTree = "<group>"; };
		8E319897131E7EF200376903 /* CDataScanner.m */ = {isa = PBXFileReference; fileEncoding = 4; lastKnownFileType = sourcecode.c.objc; path = CDataScanner.m; sourceTree = "<group>"; };
		8E319899131E7EF200376903 /* CDataScanner_Extensions.h */ = {isa = PBXFileReference; fileEncoding = 4; lastKnownFileType = sourcecode.c.h; path = CDataScanner_Extensions.h; sourceTree = "<group>"; };
		8E31989A131E7EF200376903 /* CDataScanner_Extensions.m */ = {isa = PBXFileReference; fileEncoding = 4; lastKnownFileType = sourcecode.c.objc; path = CDataScanner_Extensions.m; sourceTree = "<group>"; };
		8E31989B131E7EF200376903 /* NSCharacterSet_Extensions.h */ = {isa = PBXFileReference; fileEncoding = 4; lastKnownFileType = sourcecode.c.h; path = NSCharacterSet_Extensions.h; sourceTree = "<group>"; };
		8E31989C131E7EF200376903 /* NSCharacterSet_Extensions.m */ = {isa = PBXFileReference; fileEncoding = 4; lastKnownFileType = sourcecode.c.objc; path = NSCharacterSet_Extensions.m; sourceTree = "<group>"; };
		8E31989D131E7EF200376903 /* NSDictionary_JSONExtensions.h */ = {isa = PBXFileReference; fileEncoding = 4; lastKnownFileType = sourcecode.c.h; path = NSDictionary_JSONExtensions.h; sourceTree = "<group>"; };
		8E31989E131E7EF200376903 /* NSDictionary_JSONExtensions.m */ = {isa = PBXFileReference; fileEncoding = 4; lastKnownFileType = sourcecode.c.objc; path = NSDictionary_JSONExtensions.m; sourceTree = "<group>"; };
		8E31989F131E7EF200376903 /* NSScanner_Extensions.h */ = {isa = PBXFileReference; fileEncoding = 4; lastKnownFileType = sourcecode.c.h; path = NSScanner_Extensions.h; sourceTree = "<group>"; };
		8E3198A0131E7EF200376903 /* NSScanner_Extensions.m */ = {isa = PBXFileReference; fileEncoding = 4; lastKnownFileType = sourcecode.c.objc; path = NSScanner_Extensions.m; sourceTree = "<group>"; };
		8E3198A2131E7EF200376903 /* CJSONDataSerializer.h */ = {isa = PBXFileReference; fileEncoding = 4; lastKnownFileType = sourcecode.c.h; path = CJSONDataSerializer.h; sourceTree = "<group>"; };
		8E3198A3131E7EF200376903 /* CJSONDataSerializer.m */ = {isa = PBXFileReference; fileEncoding = 4; lastKnownFileType = sourcecode.c.objc; path = CJSONDataSerializer.m; sourceTree = "<group>"; };
		8E3198A4131E7EF200376903 /* CJSONDeserializer.h */ = {isa = PBXFileReference; fileEncoding = 4; lastKnownFileType = sourcecode.c.h; path = CJSONDeserializer.h; sourceTree = "<group>"; };
		8E3198A5131E7EF200376903 /* CJSONDeserializer.m */ = {isa = PBXFileReference; fileEncoding = 4; lastKnownFileType = sourcecode.c.objc; path = CJSONDeserializer.m; sourceTree = "<group>"; };
		8E3198A6131E7EF200376903 /* CJSONScanner.h */ = {isa = PBXFileReference; fileEncoding = 4; lastKnownFileType = sourcecode.c.h; path = CJSONScanner.h; sourceTree = "<group>"; };
		8E3198A7131E7EF200376903 /* CJSONScanner.m */ = {isa = PBXFileReference; fileEncoding = 4; lastKnownFileType = sourcecode.c.objc; path = CJSONScanner.m; sourceTree = "<group>"; };
		8E3198A8131E7EF200376903 /* CJSONSerializer.h */ = {isa = PBXFileReference; fileEncoding = 4; lastKnownFileType = sourcecode.c.h; path = CJSONSerializer.h; sourceTree = "<group>"; };
		8E3198A9131E7EF200376903 /* CJSONSerializer.m */ = {isa = PBXFileReference; fileEncoding = 4; lastKnownFileType = sourcecode.c.objc; path = CJSONSerializer.m; sourceTree = "<group>"; };
		8E3198AA131E7EF200376903 /* CSerializedJSONData.h */ = {isa = PBXFileReference; fileEncoding = 4; lastKnownFileType = sourcecode.c.h; path = CSerializedJSONData.h; sourceTree = "<group>"; };
		8E3198AB131E7EF200376903 /* CSerializedJSONData.m */ = {isa = PBXFileReference; fileEncoding = 4; lastKnownFileType = sourcecode.c.objc; path = CSerializedJSONData.m; sourceTree = "<group>"; };
		8E695F3D128ADDED00169D1C /* QuartzCore.framework */ = {isa = PBXFileReference; lastKnownFileType = wrapper.framework; name = QuartzCore.framework; path = System/Library/Frameworks/QuartzCore.framework; sourceTree = SDKROOT; };
		8E7D41C8128D84EA00B6FF53 /* TestDelegate.h */ = {isa = PBXFileReference; fileEncoding = 4; lastKnownFileType = sourcecode.c.h; path = TestDelegate.h; sourceTree = "<group>"; };
		8E7D41C9128D84EA00B6FF53 /* TestDelegate.m */ = {isa = PBXFileReference; fileEncoding = 4; lastKnownFileType = sourcecode.c.objc; path = TestDelegate.m; sourceTree = "<group>"; };
/* End PBXFileReference section */

/* Begin PBXFrameworksBuildPhase section */
		1D60588F0D05DD3D006BFB54 /* Frameworks */ = {
			isa = PBXFrameworksBuildPhase;
			buildActionMask = 2147483647;
			files = (
				1D60589F0D05DD5A006BFB54 /* Foundation.framework in Frameworks */,
				1DF5F4E00D08C38300B7A737 /* UIKit.framework in Frameworks */,
				288765A50DF7441C002DB57D /* CoreGraphics.framework in Frameworks */,
				8E695F3E128ADDED00169D1C /* QuartzCore.framework in Frameworks */,
			);
			runOnlyForDeploymentPostprocessing = 0;
		};
/* End PBXFrameworksBuildPhase section */

/* Begin PBXGroup section */
		080E96DDFE201D6D7F000001 /* Classes */ = {
			isa = PBXGroup;
			children = (
				1D3623240D0F684500981E51 /* AnotherSDKTestAppDelegate.h */,
				1D3623250D0F684500981E51 /* AnotherSDKTestAppDelegate.m */,
				28D7ACF60DDB3853001CB0EB /* AnotherSDKTestViewController.h */,
				28D7ACF70DDB3853001CB0EB /* AnotherSDKTestViewController.m */,
				8E7D41C8128D84EA00B6FF53 /* TestDelegate.h */,
				8E7D41C9128D84EA00B6FF53 /* TestDelegate.m */,
			);
			path = Classes;
			sourceTree = "<group>";
		};
		19C28FACFE9D520D11CA2CBB /* Products */ = {
			isa = PBXGroup;
			children = (
				1D6058910D05DD3D006BFB54 /* AnotherSDKTest.app */,
			);
			name = Products;
			sourceTree = "<group>";
		};
		29B97314FDCFA39411CA2CEA /* CustomTemplate */ = {
			isa = PBXGroup;
			children = (
				8E319875131E7EF200376903 /* src */,
				080E96DDFE201D6D7F000001 /* Classes */,
				29B97315FDCFA39411CA2CEA /* Other Sources */,
				29B97317FDCFA39411CA2CEA /* Resources */,
				29B97323FDCFA39411CA2CEA /* Frameworks */,
				19C28FACFE9D520D11CA2CBB /* Products */,
				8E695F3D128ADDED00169D1C /* QuartzCore.framework */,
			);
			name = CustomTemplate;
			sourceTree = "<group>";
		};
		29B97315FDCFA39411CA2CEA /* Other Sources */ = {
			isa = PBXGroup;
			children = (
				32CA4F630368D1EE00C91783 /* AnotherSDKTest_Prefix.pch */,
				29B97316FDCFA39411CA2CEA /* main.m */,
			);
			name = "Other Sources";
			sourceTree = "<group>";
		};
		29B97317FDCFA39411CA2CEA /* Resources */ = {
			isa = PBXGroup;
			children = (
				2899E5210DE3E06400AC0155 /* AnotherSDKTestViewController.xib */,
				28AD733E0D9D9553002E5188 /* MainWindow.xib */,
				8D1107310486CEB800E47090 /* AnotherSDKTest-Info.plist */,
			);
			name = Resources;
			sourceTree = "<group>";
		};
		29B97323FDCFA39411CA2CEA /* Frameworks */ = {
			isa = PBXGroup;
			children = (
				1DF5F4DF0D08C38300B7A737 /* UIKit.framework */,
				1D30AB110D05D00D00671497 /* Foundation.framework */,
				288765A40DF7441C002DB57D /* CoreGraphics.framework */,
			);
			name = Frameworks;
			sourceTree = "<group>";
		};
		8E319875131E7EF200376903 /* src */ = {
			isa = PBXGroup;
			children = (
				8E319876131E7EF200376903 /* Ad.h */,
				8E319877131E7EF200376903 /* Ad.m */,
				8E319878131E7EF200376903 /* build */,
				8E319888131E7EF200376903 /* InAppLandingPageController.h */,
				8E319889131E7EF200376903 /* InAppLandingPageController.m */,
				8E31988A131E7EF200376903 /* MadDebug.h */,
				8E31988B131E7EF200376903 /* MadDebug.m */,
				8E31988C131E7EF200376903 /* madvertise-ios-sdk.xcodeproj */,
				8E31988F131E7EF200376903 /* madvertise_ios_sdk_Prefix.pch */,
				8E319890131E7EF200376903 /* MadvertiseDelegationProtocol.h */,
				8E319891131E7EF200376903 /* MadvertiseView.h */,
				8E319892131E7EF200376903 /* MadvertiseView.m */,
				8E319893131E7EF200376903 /* TextAdView.h */,
				8E319894131E7EF200376903 /* TextAdView.m */,
				8E319895131E7EF200376903 /* TouchJSON */,
			);
			name = src;
			path = ../../src;
			sourceTree = SOURCE_ROOT;
		};
		8E319878131E7EF200376903 /* build */ = {
			isa = PBXGroup;
			children = (
				8E319879131E7EF200376903 /* madvertise-ios-sdk.build */,
			);
			path = build;
			sourceTree = "<group>";
		};
		8E319879131E7EF200376903 /* madvertise-ios-sdk.build */ = {
			isa = PBXGroup;
			children = (
				8E31987A131E7EF200376903 /* madvertise-ios-sdk.pbxindex */,
			);
			path = "madvertise-ios-sdk.build";
			sourceTree = "<group>";
		};
		8E31987A131E7EF200376903 /* madvertise-ios-sdk.pbxindex */ = {
			isa = PBXGroup;
			children = (
				8E31987B131E7EF200376903 /* categories.pbxbtree */,
				8E31987C131E7EF200376903 /* cdecls.pbxbtree */,
				8E31987D131E7EF200376903 /* decls.pbxbtree */,
				8E31987E131E7EF200376903 /* files.pbxbtree */,
				8E31987F131E7EF200376903 /* imports.pbxbtree */,
				8E319880131E7EF200376903 /* pbxindex.header */,
				8E319881131E7EF200376903 /* protocols.pbxbtree */,
				8E319882131E7EF200376903 /* refs.pbxbtree */,
				8E319883131E7EF200376903 /* strings.pbxstrings */,
				8E319886131E7EF200376903 /* subclasses.pbxbtree */,
				8E319887131E7EF200376903 /* symbols0.pbxsymbols */,
			);
			path = "madvertise-ios-sdk.pbxindex";
			sourceTree = "<group>";
		};
		8E319883131E7EF200376903 /* strings.pbxstrings */ = {
			isa = PBXGroup;
			children = (
				8E319884131E7EF200376903 /* control */,
				8E319885131E7EF200376903 /* strings */,
			);
			path = strings.pbxstrings;
			sourceTree = "<group>";
		};
		8E31988D131E7EF200376903 /* Products */ = {
			isa = PBXGroup;
			children = (
			);
			name = Products;
			sourceTree = "<group>";
		};
		8E319895131E7EF200376903 /* TouchJSON */ = {
			isa = PBXGroup;
			children = (
				8E319896131E7EF200376903 /* CDataScanner.h */,
				8E319897131E7EF200376903 /* CDataScanner.m */,
				8E319898131E7EF200376903 /* Extensions */,
				8E3198A1131E7EF200376903 /* JSON */,
			);
			path = TouchJSON;
			sourceTree = "<group>";
		};
		8E319898131E7EF200376903 /* Extensions */ = {
			isa = PBXGroup;
			children = (
				8E319899131E7EF200376903 /* CDataScanner_Extensions.h */,
				8E31989A131E7EF200376903 /* CDataScanner_Extensions.m */,
				8E31989B131E7EF200376903 /* NSCharacterSet_Extensions.h */,
				8E31989C131E7EF200376903 /* NSCharacterSet_Extensions.m */,
				8E31989D131E7EF200376903 /* NSDictionary_JSONExtensions.h */,
				8E31989E131E7EF200376903 /* NSDictionary_JSONExtensions.m */,
				8E31989F131E7EF200376903 /* NSScanner_Extensions.h */,
				8E3198A0131E7EF200376903 /* NSScanner_Extensions.m */,
			);
			path = Extensions;
			sourceTree = "<group>";
		};
		8E3198A1131E7EF200376903 /* JSON */ = {
			isa = PBXGroup;
			children = (
				8E3198A2131E7EF200376903 /* CJSONDataSerializer.h */,
				8E3198A3131E7EF200376903 /* CJSONDataSerializer.m */,
				8E3198A4131E7EF200376903 /* CJSONDeserializer.h */,
				8E3198A5131E7EF200376903 /* CJSONDeserializer.m */,
				8E3198A6131E7EF200376903 /* CJSONScanner.h */,
				8E3198A7131E7EF200376903 /* CJSONScanner.m */,
				8E3198A8131E7EF200376903 /* CJSONSerializer.h */,
				8E3198A9131E7EF200376903 /* CJSONSerializer.m */,
				8E3198AA131E7EF200376903 /* CSerializedJSONData.h */,
				8E3198AB131E7EF200376903 /* CSerializedJSONData.m */,
			);
			path = JSON;
			sourceTree = "<group>";
		};
/* End PBXGroup section */

/* Begin PBXNativeTarget section */
		1D6058900D05DD3D006BFB54 /* AnotherSDKTest */ = {
			isa = PBXNativeTarget;
			buildConfigurationList = 1D6058960D05DD3E006BFB54 /* Build configuration list for PBXNativeTarget "AnotherSDKTest" */;
			buildPhases = (
				1D60588D0D05DD3D006BFB54 /* Resources */,
				1D60588E0D05DD3D006BFB54 /* Sources */,
				1D60588F0D05DD3D006BFB54 /* Frameworks */,
			);
			buildRules = (
			);
			dependencies = (
			);
			name = AnotherSDKTest;
			productName = AnotherSDKTest;
			productReference = 1D6058910D05DD3D006BFB54 /* AnotherSDKTest.app */;
			productType = "com.apple.product-type.application";
		};
/* End PBXNativeTarget section */

/* Begin PBXProject section */
		29B97313FDCFA39411CA2CEA /* Project object */ = {
			isa = PBXProject;
			buildConfigurationList = C01FCF4E08A954540054247B /* Build configuration list for PBXProject "AnotherSDKTest" */;
			compatibilityVersion = "Xcode 3.1";
			hasScannedForEncodings = 1;
			mainGroup = 29B97314FDCFA39411CA2CEA /* CustomTemplate */;
			projectDirPath = "";
			projectReferences = (
				{
					ProductGroup = 8E31988D131E7EF200376903 /* Products */;
					ProjectRef = 8E31988C131E7EF200376903 /* madvertise-ios-sdk.xcodeproj */;
				},
			);
			projectRoot = "";
			targets = (
				1D6058900D05DD3D006BFB54 /* AnotherSDKTest */,
			);
		};
/* End PBXProject section */

/* Begin PBXResourcesBuildPhase section */
		1D60588D0D05DD3D006BFB54 /* Resources */ = {
			isa = PBXResourcesBuildPhase;
			buildActionMask = 2147483647;
			files = (
				28AD733F0D9D9553002E5188 /* MainWindow.xib in Resources */,
				2899E5220DE3E06400AC0155 /* AnotherSDKTestViewController.xib in Resources */,
				8E3198AD131E7EF200376903 /* categories.pbxbtree in Resources */,
				8E3198AE131E7EF200376903 /* cdecls.pbxbtree in Resources */,
				8E3198AF131E7EF200376903 /* decls.pbxbtree in Resources */,
				8E3198B0131E7EF200376903 /* files.pbxbtree in Resources */,
				8E3198B1131E7EF200376903 /* imports.pbxbtree in Resources */,
				8E3198B2131E7EF200376903 /* pbxindex.header in Resources */,
				8E3198B3131E7EF200376903 /* protocols.pbxbtree in Resources */,
				8E3198B4131E7EF200376903 /* refs.pbxbtree in Resources */,
				8E3198B5131E7EF200376903 /* control in Resources */,
				8E3198B6131E7EF200376903 /* strings in Resources */,
				8E3198B7131E7EF200376903 /* subclasses.pbxbtree in Resources */,
				8E3198B8131E7EF200376903 /* symbols0.pbxsymbols in Resources */,
			);
			runOnlyForDeploymentPostprocessing = 0;
		};
/* End PBXResourcesBuildPhase section */

/* Begin PBXSourcesBuildPhase section */
		1D60588E0D05DD3D006BFB54 /* Sources */ = {
			isa = PBXSourcesBuildPhase;
			buildActionMask = 2147483647;
			files = (
				1D60589B0D05DD56006BFB54 /* main.m in Sources */,
				1D3623260D0F684500981E51 /* AnotherSDKTestAppDelegate.m in Sources */,
				28D7ACF80DDB3853001CB0EB /* AnotherSDKTestViewController.m in Sources */,
				8E7D41CA128D84EA00B6FF53 /* TestDelegate.m in Sources */,
				8E3198AC131E7EF200376903 /* Ad.m in Sources */,
				8E3198B9131E7EF200376903 /* InAppLandingPageController.m in Sources */,
				8E3198BA131E7EF200376903 /* MadDebug.m in Sources */,
				8E3198BB131E7EF200376903 /* MadvertiseView.m in Sources */,
				8E3198BC131E7EF200376903 /* TextAdView.m in Sources */,
				8E3198BD131E7EF200376903 /* CDataScanner.m in Sources */,
				8E3198BE131E7EF200376903 /* CDataScanner_Extensions.m in Sources */,
				8E3198BF131E7EF200376903 /* NSCharacterSet_Extensions.m in Sources */,
				8E3198C0131E7EF200376903 /* NSDictionary_JSONExtensions.m in Sources */,
				8E3198C1131E7EF200376903 /* NSScanner_Extensions.m in Sources */,
				8E3198C2131E7EF200376903 /* CJSONDataSerializer.m in Sources */,
				8E3198C3131E7EF200376903 /* CJSONDeserializer.m in Sources */,
				8E3198C4131E7EF200376903 /* CJSONScanner.m in Sources */,
				8E3198C5131E7EF200376903 /* CJSONSerializer.m in Sources */,
				8E3198C6131E7EF200376903 /* CSerializedJSONData.m in Sources */,
			);
			runOnlyForDeploymentPostprocessing = 0;
		};
/* End PBXSourcesBuildPhase section */

/* Begin XCBuildConfiguration section */
		1D6058940D05DD3E006BFB54 /* Debug */ = {
			isa = XCBuildConfiguration;
			buildSettings = {
				ALWAYS_SEARCH_USER_PATHS = NO;
				COPY_PHASE_STRIP = NO;
				GCC_DYNAMIC_NO_PIC = NO;
				GCC_OPTIMIZATION_LEVEL = 0;
				GCC_PRECOMPILE_PREFIX_HEADER = YES;
				GCC_PREFIX_HEADER = AnotherSDKTest_Prefix.pch;
				INFOPLIST_FILE = "AnotherSDKTest-Info.plist";
				LIBRARY_SEARCH_PATHS = (
					"$(inherited)",
					"\"$(SRCROOT)\"",
				);
				PRODUCT_NAME = AnotherSDKTest;
			};
			name = Debug;
		};
		1D6058950D05DD3E006BFB54 /* Release */ = {
			isa = XCBuildConfiguration;
			buildSettings = {
				ALWAYS_SEARCH_USER_PATHS = NO;
				COPY_PHASE_STRIP = YES;
				GCC_PRECOMPILE_PREFIX_HEADER = YES;
				GCC_PREFIX_HEADER = AnotherSDKTest_Prefix.pch;
				INFOPLIST_FILE = "AnotherSDKTest-Info.plist";
				IPHONEOS_DEPLOYMENT_TARGET = 3.1.3;
				LIBRARY_SEARCH_PATHS = (
					"$(inherited)",
					"\"$(SRCROOT)\"",
				);
				PRODUCT_NAME = AnotherSDKTest;
				SDKROOT = iphonesimulator4.0;
				VALIDATE_PRODUCT = YES;
			};
			name = Release;
		};
		C01FCF4F08A954540054247B /* Debug */ = {
			isa = XCBuildConfiguration;
			buildSettings = {
				ARCHS = "$(ARCHS_STANDARD_32_BIT)";
				"CODE_SIGN_IDENTITY[sdk=iphoneos*]" = "iPhone Developer";
				GCC_C_LANGUAGE_STANDARD = c99;
				GCC_WARN_ABOUT_RETURN_TYPE = YES;
				GCC_WARN_UNUSED_VARIABLE = YES;
				PREBINDING = NO;
				SDKROOT = iphoneos4.0;
			};
			name = Debug;
		};
		C01FCF5008A954540054247B /* Release */ = {
			isa = XCBuildConfiguration;
			buildSettings = {
				ARCHS = "$(ARCHS_STANDARD_32_BIT)";
				"CODE_SIGN_IDENTITY[sdk=iphoneos*]" = "iPhone Developer";
				GCC_C_LANGUAGE_STANDARD = c99;
				GCC_WARN_ABOUT_RETURN_TYPE = YES;
				GCC_WARN_UNUSED_VARIABLE = YES;
				OTHER_CFLAGS = "-DNS_BLOCK_ASSERTIONS=1";
				PREBINDING = NO;
				SDKROOT = iphoneos4.0;
			};
			name = Release;
		};
/* End XCBuildConfiguration section */

/* Begin XCConfigurationList section */
		1D6058960D05DD3E006BFB54 /* Build configuration list for PBXNativeTarget "AnotherSDKTest" */ = {
			isa = XCConfigurationList;
			buildConfigurations = (
				1D6058940D05DD3E006BFB54 /* Debug */,
				1D6058950D05DD3E006BFB54 /* Release */,
			);
			defaultConfigurationIsVisible = 0;
			defaultConfigurationName = Release;
		};
		C01FCF4E08A954540054247B /* Build configuration list for PBXProject "AnotherSDKTest" */ = {
			isa = XCConfigurationList;
			buildConfigurations = (
				C01FCF4F08A954540054247B /* Debug */,
				C01FCF5008A954540054247B /* Release */,
			);
			defaultConfigurationIsVisible = 0;
			defaultConfigurationName = Release;
		};
/* End XCConfigurationList section */
	};
	rootObject = 29B97313FDCFA39411CA2CEA /* Project object */;
}
